// !$*UTF8*$!
{
	archiveVersion = 1;
	classes = {
	};
	objectVersion = 46;
	objects = {

/* Begin PBXBuildFile section */
		4617C6B51663157800D0E014 /* search_bg.png in Resources */ = {isa = PBXBuildFile; fileRef = 4617C6B41663157800D0E014 /* search_bg.png */; };
		4630057716533ED00046C903 /* Icon-72.png in Resources */ = {isa = PBXBuildFile; fileRef = 4630057016533ECF0046C903 /* Icon-72.png */; };
		4630057816533ED00046C903 /* Icon-Small-50.png in Resources */ = {isa = PBXBuildFile; fileRef = 4630057116533ECF0046C903 /* Icon-Small-50.png */; };
		4630057916533ED00046C903 /* Icon-Small.png in Resources */ = {isa = PBXBuildFile; fileRef = 4630057216533ECF0046C903 /* Icon-Small.png */; };
		4630057A16533ED00046C903 /* Icon-Small@2x.png in Resources */ = {isa = PBXBuildFile; fileRef = 4630057316533ED00046C903 /* Icon-Small@2x.png */; };
		4630057B16533ED00046C903 /* Icon.png in Resources */ = {isa = PBXBuildFile; fileRef = 4630057416533ED00046C903 /* Icon.png */; };
		4630057C16533ED00046C903 /* Icon@2x.png in Resources */ = {isa = PBXBuildFile; fileRef = 4630057516533ED00046C903 /* Icon@2x.png */; };
		4630057D16533ED00046C903 /* iTunesArtwork.png in Resources */ = {isa = PBXBuildFile; fileRef = 4630057616533ED00046C903 /* iTunesArtwork.png */; };
		4630058A165366BE0046C903 /* MBProgressHUD.m in Sources */ = {isa = PBXBuildFile; fileRef = 46300589165366BD0046C903 /* MBProgressHUD.m */; };
		4635DF821643A39000C7B445 /* UIKit.framework in Frameworks */ = {isa = PBXBuildFile; fileRef = 4635DF811643A39000C7B445 /* UIKit.framework */; };
		4635DF841643A39000C7B445 /* Foundation.framework in Frameworks */ = {isa = PBXBuildFile; fileRef = 4635DF831643A39000C7B445 /* Foundation.framework */; };
		4635DF861643A39000C7B445 /* CoreGraphics.framework in Frameworks */ = {isa = PBXBuildFile; fileRef = 4635DF851643A39000C7B445 /* CoreGraphics.framework */; };
		4635DF8C1643A39000C7B445 /* InfoPlist.strings in Resources */ = {isa = PBXBuildFile; fileRef = 4635DF8A1643A39000C7B445 /* InfoPlist.strings */; };
		4635DF8E1643A39000C7B445 /* main.m in Sources */ = {isa = PBXBuildFile; fileRef = 4635DF8D1643A39000C7B445 /* main.m */; };
		4635DF921643A39000C7B445 /* AppDelegate.m in Sources */ = {isa = PBXBuildFile; fileRef = 4635DF911643A39000C7B445 /* AppDelegate.m */; };
		4635DF941643A39000C7B445 /* Default.png in Resources */ = {isa = PBXBuildFile; fileRef = 4635DF931643A39000C7B445 /* Default.png */; };
		4635DF961643A39000C7B445 /* Default@2x.png in Resources */ = {isa = PBXBuildFile; fileRef = 4635DF951643A39000C7B445 /* Default@2x.png */; };
		4635DF981643A39000C7B445 /* Default-568h@2x.png in Resources */ = {isa = PBXBuildFile; fileRef = 4635DF971643A39000C7B445 /* Default-568h@2x.png */; };
		4635DFB41643A39100C7B445 /* SenTestingKit.framework in Frameworks */ = {isa = PBXBuildFile; fileRef = 4635DFB31643A39100C7B445 /* SenTestingKit.framework */; };
		4635DFB51643A39100C7B445 /* UIKit.framework in Frameworks */ = {isa = PBXBuildFile; fileRef = 4635DF811643A39000C7B445 /* UIKit.framework */; };
		4635DFB61643A39100C7B445 /* Foundation.framework in Frameworks */ = {isa = PBXBuildFile; fileRef = 4635DF831643A39000C7B445 /* Foundation.framework */; };
		4635DFBE1643A39100C7B445 /* InfoPlist.strings in Resources */ = {isa = PBXBuildFile; fileRef = 4635DFBC1643A39100C7B445 /* InfoPlist.strings */; };
		4635DFC11643A39100C7B445 /* yunmei_967067Tests.m in Sources */ = {isa = PBXBuildFile; fileRef = 4635DFC01643A39100C7B445 /* yunmei_967067Tests.m */; };
		4635DFD21643B7C100C7B445 /* IndexViewController.m in Sources */ = {isa = PBXBuildFile; fileRef = 4635DFD01643B7C000C7B445 /* IndexViewController.m */; };
		4635DFD31643B7C100C7B445 /* IndexViewController.xib in Resources */ = {isa = PBXBuildFile; fileRef = 4635DFD11643B7C100C7B445 /* IndexViewController.xib */; };
		4635DFD71643B85800C7B445 /* CategoryViewController.m in Sources */ = {isa = PBXBuildFile; fileRef = 4635DFD51643B85700C7B445 /* CategoryViewController.m */; };
		4635DFD81643B85800C7B445 /* CategoryViewController.xib in Resources */ = {isa = PBXBuildFile; fileRef = 4635DFD61643B85800C7B445 /* CategoryViewController.xib */; };
		464E0657164BC4CF0090162A /* GoodsListViewController.m in Sources */ = {isa = PBXBuildFile; fileRef = 464E0655164BC4CF0090162A /* GoodsListViewController.m */; };
		464E0658164BC4CF0090162A /* GoodsListViewController.xib in Resources */ = {isa = PBXBuildFile; fileRef = 464E0656164BC4CF0090162A /* GoodsListViewController.xib */; };
		466C69A2164B947E003ECB2F /* navigation_bar_bg.png in Resources */ = {isa = PBXBuildFile; fileRef = 466C69A0164B947E003ECB2F /* navigation_bar_bg.png */; };
		466C69A3164B947E003ECB2F /* navigation_bar_bg@2x.png in Resources */ = {isa = PBXBuildFile; fileRef = 466C69A1164B947E003ECB2F /* navigation_bar_bg@2x.png */; };
		466C69BC164B954B003ECB2F /* MyViewController.m in Sources */ = {isa = PBXBuildFile; fileRef = 466C69A9164B949E003ECB2F /* MyViewController.m */; };
		466C69BD164B954F003ECB2F /* MoreViewController.m in Sources */ = {isa = PBXBuildFile; fileRef = 466C69A6164B949E003ECB2F /* MoreViewController.m */; };
		466C69BE164B955A003ECB2F /* CartViewController.m in Sources */ = {isa = PBXBuildFile; fileRef = 466C69AC164B949E003ECB2F /* CartViewController.m */; };
		466C69C2164B97D0003ECB2F /* YMUIButton.m in Sources */ = {isa = PBXBuildFile; fileRef = 466C69C1164B97D0003ECB2F /* YMUIButton.m */; };
		46871A7B166EE1CB00C91CE8 /* libzbar.a in Frameworks */ = {isa = PBXBuildFile; fileRef = 46871A75166EE1CB00C91CE8 /* libzbar.a */; };
		46871A7C166EE1CB00C91CE8 /* zbar-back.png in Resources */ = {isa = PBXBuildFile; fileRef = 46871A77166EE1CB00C91CE8 /* zbar-back.png */; };
		46871A7D166EE1CB00C91CE8 /* zbar-help.html in Resources */ = {isa = PBXBuildFile; fileRef = 46871A78166EE1CB00C91CE8 /* zbar-help.html */; };
		46871A7E166EE1CB00C91CE8 /* zbar-helpicons.png in Resources */ = {isa = PBXBuildFile; fileRef = 46871A79166EE1CB00C91CE8 /* zbar-helpicons.png */; };
		46871A7F166EE1CB00C91CE8 /* zbar-samples.png in Resources */ = {isa = PBXBuildFile; fileRef = 46871A7A166EE1CB00C91CE8 /* zbar-samples.png */; };
		46871A82166EE27400C91CE8 /* AVFoundation.framework in Frameworks */ = {isa = PBXBuildFile; fileRef = 46871A81166EE27400C91CE8 /* AVFoundation.framework */; };
		46871A84166EE28100C91CE8 /* CoreMedia.framework in Frameworks */ = {isa = PBXBuildFile; fileRef = 46871A83166EE28100C91CE8 /* CoreMedia.framework */; };
		46871A86166EE28A00C91CE8 /* CoreVideo.framework in Frameworks */ = {isa = PBXBuildFile; fileRef = 46871A85166EE28A00C91CE8 /* CoreVideo.framework */; };
		46871A88166EE29500C91CE8 /* QuartzCore.framework in Frameworks */ = {isa = PBXBuildFile; fileRef = 46871A87166EE29500C91CE8 /* QuartzCore.framework */; };
		46871A8A166EE2A600C91CE8 /* libiconv.dylib in Frameworks */ = {isa = PBXBuildFile; fileRef = 46871A89166EE2A600C91CE8 /* libiconv.dylib */; };
		46871A9A166F2E7A00C91CE8 /* GoodsSearchViewController.m in Sources */ = {isa = PBXBuildFile; fileRef = 46871A98166F2E7A00C91CE8 /* GoodsSearchViewController.m */; };
		46871A9B166F2E7A00C91CE8 /* GoodsSearchViewController.xib in Resources */ = {isa = PBXBuildFile; fileRef = 46871A99166F2E7A00C91CE8 /* GoodsSearchViewController.xib */; };
		4691430B1665E2B900093ACC /* NSObject+SBJson.m in Sources */ = {isa = PBXBuildFile; fileRef = 469142F31665E2B900093ACC /* NSObject+SBJson.m */; };
		4691430C1665E2B900093ACC /* SBJsonParser.m in Sources */ = {isa = PBXBuildFile; fileRef = 469142F61665E2B900093ACC /* SBJsonParser.m */; };
		4691430D1665E2B900093ACC /* SBJsonStreamParser.m in Sources */ = {isa = PBXBuildFile; fileRef = 469142F81665E2B900093ACC /* SBJsonStreamParser.m */; };
		4691430E1665E2B900093ACC /* SBJsonStreamParserAccumulator.m in Sources */ = {isa = PBXBuildFile; fileRef = 469142FA1665E2B900093ACC /* SBJsonStreamParserAccumulator.m */; };
		4691430F1665E2B900093ACC /* SBJsonStreamParserAdapter.m in Sources */ = {isa = PBXBuildFile; fileRef = 469142FC1665E2B900093ACC /* SBJsonStreamParserAdapter.m */; };
		469143101665E2B900093ACC /* SBJsonStreamParserState.m in Sources */ = {isa = PBXBuildFile; fileRef = 469142FE1665E2B900093ACC /* SBJsonStreamParserState.m */; };
		469143111665E2B900093ACC /* SBJsonStreamWriter.m in Sources */ = {isa = PBXBuildFile; fileRef = 469143001665E2B900093ACC /* SBJsonStreamWriter.m */; };
		469143121665E2B900093ACC /* SBJsonStreamWriterAccumulator.m in Sources */ = {isa = PBXBuildFile; fileRef = 469143021665E2B900093ACC /* SBJsonStreamWriterAccumulator.m */; };
		469143131665E2B900093ACC /* SBJsonStreamWriterState.m in Sources */ = {isa = PBXBuildFile; fileRef = 469143041665E2B900093ACC /* SBJsonStreamWriterState.m */; };
		469143141665E2B900093ACC /* SBJsonTokeniser.m in Sources */ = {isa = PBXBuildFile; fileRef = 469143061665E2B900093ACC /* SBJsonTokeniser.m */; };
		469143151665E2B900093ACC /* SBJsonUTF8Stream.m in Sources */ = {isa = PBXBuildFile; fileRef = 469143081665E2B900093ACC /* SBJsonUTF8Stream.m */; };
		469143161665E2B900093ACC /* SBJsonWriter.m in Sources */ = {isa = PBXBuildFile; fileRef = 4691430A1665E2B900093ACC /* SBJsonWriter.m */; };
		4697E415166C38D7006BEF17 /* PullToRefreshTableView.m in Sources */ = {isa = PBXBuildFile; fileRef = 4697E414166C38D7006BEF17 /* PullToRefreshTableView.m */; };
		469EA3971671B9E50028CB57 /* tabbar_cart_unselected@2x.png in Resources */ = {isa = PBXBuildFile; fileRef = 469EA38D1671B9E40028CB57 /* tabbar_cart_unselected@2x.png */; };
		469EA3981671B9E50028CB57 /* tabbar_cart@2x.png in Resources */ = {isa = PBXBuildFile; fileRef = 469EA38E1671B9E40028CB57 /* tabbar_cart@2x.png */; };
		469EA3991671B9E50028CB57 /* tabbar_category_unselected@2x.png in Resources */ = {isa = PBXBuildFile; fileRef = 469EA38F1671B9E40028CB57 /* tabbar_category_unselected@2x.png */; };
		469EA39A1671B9E50028CB57 /* tabbar_category@2x.png in Resources */ = {isa = PBXBuildFile; fileRef = 469EA3901671B9E40028CB57 /* tabbar_category@2x.png */; };
		469EA39B1671B9E50028CB57 /* tabbar_index_unselected@2x.png in Resources */ = {isa = PBXBuildFile; fileRef = 469EA3911671B9E40028CB57 /* tabbar_index_unselected@2x.png */; };
		469EA39C1671B9E50028CB57 /* tabbar_index@2x.png in Resources */ = {isa = PBXBuildFile; fileRef = 469EA3921671B9E40028CB57 /* tabbar_index@2x.png */; };
		469EA39D1671B9E50028CB57 /* tabbar_more_unselected@2x.png in Resources */ = {isa = PBXBuildFile; fileRef = 469EA3931671B9E40028CB57 /* tabbar_more_unselected@2x.png */; };
		469EA39E1671B9E50028CB57 /* tabbar_more@2x.png in Resources */ = {isa = PBXBuildFile; fileRef = 469EA3941671B9E40028CB57 /* tabbar_more@2x.png */; };
		469EA39F1671B9E50028CB57 /* tabbar_my_unselected@2x.png in Resources */ = {isa = PBXBuildFile; fileRef = 469EA3951671B9E50028CB57 /* tabbar_my_unselected@2x.png */; };
		469EA3A01671B9E50028CB57 /* tabbar_my@2x.png in Resources */ = {isa = PBXBuildFile; fileRef = 469EA3961671B9E50028CB57 /* tabbar_my@2x.png */; };
		469EA3AC1671BAF20028CB57 /* tabbar_cart_unselected.png in Resources */ = {isa = PBXBuildFile; fileRef = 469EA3A11671BAF20028CB57 /* tabbar_cart_unselected.png */; };
		469EA3AD1671BAF20028CB57 /* tabbar_cart.png in Resources */ = {isa = PBXBuildFile; fileRef = 469EA3A21671BAF20028CB57 /* tabbar_cart.png */; };
		469EA3AE1671BAF20028CB57 /* tabbar_category_unselected.png in Resources */ = {isa = PBXBuildFile; fileRef = 469EA3A31671BAF20028CB57 /* tabbar_category_unselected.png */; };
		469EA3AF1671BAF20028CB57 /* tabbar_category.png in Resources */ = {isa = PBXBuildFile; fileRef = 469EA3A41671BAF20028CB57 /* tabbar_category.png */; };
		469EA3B01671BAF20028CB57 /* tabbar_index_selected.png in Resources */ = {isa = PBXBuildFile; fileRef = 469EA3A51671BAF20028CB57 /* tabbar_index_selected.png */; };
		469EA3B11671BAF20028CB57 /* tabbar_index_unselected.png in Resources */ = {isa = PBXBuildFile; fileRef = 469EA3A61671BAF20028CB57 /* tabbar_index_unselected.png */; };
		469EA3B21671BAF20028CB57 /* tabbar_index.png in Resources */ = {isa = PBXBuildFile; fileRef = 469EA3A71671BAF20028CB57 /* tabbar_index.png */; };
		469EA3B31671BAF20028CB57 /* tabbar_more_unselected.png in Resources */ = {isa = PBXBuildFile; fileRef = 469EA3A81671BAF20028CB57 /* tabbar_more_unselected.png */; };
		469EA3B41671BAF20028CB57 /* tabbar_more.png in Resources */ = {isa = PBXBuildFile; fileRef = 469EA3A91671BAF20028CB57 /* tabbar_more.png */; };
		469EA3B51671BAF20028CB57 /* tabbar_my_unselected.png in Resources */ = {isa = PBXBuildFile; fileRef = 469EA3AA1671BAF20028CB57 /* tabbar_my_unselected.png */; };
		469EA3B61671BAF20028CB57 /* tabbar_my.png in Resources */ = {isa = PBXBuildFile; fileRef = 469EA3AB1671BAF20028CB57 /* tabbar_my.png */; };
		46A68D3D1663516500083F79 /* search_btn.png in Resources */ = {isa = PBXBuildFile; fileRef = 46A68D3B1663516500083F79 /* search_btn.png */; };
		46A68D3E1663516500083F79 /* tdc_btn.png in Resources */ = {isa = PBXBuildFile; fileRef = 46A68D3C1663516500083F79 /* tdc_btn.png */; };
		46BD187A166740C2007E72EB /* GoodsModel.m in Sources */ = {isa = PBXBuildFile; fileRef = 46BD1879166740C2007E72EB /* GoodsModel.m */; };
		46BD188D166880AB007E72EB /* GoodsCell.m in Sources */ = {isa = PBXBuildFile; fileRef = 46BD188B166880AB007E72EB /* GoodsCell.m */; };
		46BD188E166880AB007E72EB /* GoodsCell.xib in Resources */ = {isa = PBXBuildFile; fileRef = 46BD188C166880AB007E72EB /* GoodsCell.xib */; };
		46CC0C811651D2D900210CFE /* NSAlert+MKNetworkKitAdditions.m in Sources */ = {isa = PBXBuildFile; fileRef = 46CC0C6E1651D2D900210CFE /* NSAlert+MKNetworkKitAdditions.m */; };
		46CC0C821651D2D900210CFE /* NSData+Base64.m in Sources */ = {isa = PBXBuildFile; fileRef = 46CC0C701651D2D900210CFE /* NSData+Base64.m */; };
		46CC0C831651D2D900210CFE /* NSDate+RFC1123.m in Sources */ = {isa = PBXBuildFile; fileRef = 46CC0C721651D2D900210CFE /* NSDate+RFC1123.m */; };
		46CC0C841651D2D900210CFE /* NSDictionary+RequestEncoding.m in Sources */ = {isa = PBXBuildFile; fileRef = 46CC0C741651D2D900210CFE /* NSDictionary+RequestEncoding.m */; };
		46CC0C851651D2D900210CFE /* NSString+MKNetworkKitAdditions.m in Sources */ = {isa = PBXBuildFile; fileRef = 46CC0C761651D2D900210CFE /* NSString+MKNetworkKitAdditions.m */; };
		46CC0C861651D2D900210CFE /* UIAlertView+MKNetworkKitAdditions.m in Sources */ = {isa = PBXBuildFile; fileRef = 46CC0C781651D2D900210CFE /* UIAlertView+MKNetworkKitAdditions.m */; };
		46CC0C871651D2D900210CFE /* MKNetworkEngine.m in Sources */ = {isa = PBXBuildFile; fileRef = 46CC0C7A1651D2D900210CFE /* MKNetworkEngine.m */; };
		46CC0C881651D2D900210CFE /* MKNetworkOperation.m in Sources */ = {isa = PBXBuildFile; fileRef = 46CC0C7D1651D2D900210CFE /* MKNetworkOperation.m */; };
		46CC0C891651D2D900210CFE /* Reachability.m in Sources */ = {isa = PBXBuildFile; fileRef = 46CC0C801651D2D900210CFE /* Reachability.m */; };
		46CC0C8C1651D31300210CFE /* CFNetwork.framework in Frameworks */ = {isa = PBXBuildFile; fileRef = 46CC0C8B1651D31300210CFE /* CFNetwork.framework */; };
		46CC0C8E1651D32800210CFE /* SystemConfiguration.framework in Frameworks */ = {isa = PBXBuildFile; fileRef = 46CC0C8D1651D32800210CFE /* SystemConfiguration.framework */; };
		46CC0C901651D33700210CFE /* Security.framework in Frameworks */ = {isa = PBXBuildFile; fileRef = 46CC0C8F1651D33700210CFE /* Security.framework */; };
		46CC0C951651ECC600210CFE /* AdModel.m in Sources */ = {isa = PBXBuildFile; fileRef = 46CC0C941651ECC600210CFE /* AdModel.m */; };
		46CC0CA01652214500210CFE /* YMGlobal.m in Sources */ = {isa = PBXBuildFile; fileRef = 46CC0C9F1652214500210CFE /* YMGlobal.m */; };
		46E342631659E18A000255C6 /* goods_default.png in Resources */ = {isa = PBXBuildFile; fileRef = 46E342611659E18A000255C6 /* goods_default.png */; };
		46E342641659E18A000255C6 /* ad_default.png in Resources */ = {isa = PBXBuildFile; fileRef = 46E342621659E18A000255C6 /* ad_default.png */; };
		46E865A0164CB22700F620DB /* tab_bar_bg.png in Resources */ = {isa = PBXBuildFile; fileRef = 46E8659F164CB22700F620DB /* tab_bar_bg.png */; };
		46FDFFE1167836320075A644 /* LoginViewController.m in Sources */ = {isa = PBXBuildFile; fileRef = 46FDFFDF167836320075A644 /* LoginViewController.m */; };
		46FDFFE2167836320075A644 /* LoginViewController.xib in Resources */ = {isa = PBXBuildFile; fileRef = 46FDFFE0167836320075A644 /* LoginViewController.xib */; };
		46FDFFE61678368E0075A644 /* RegisterViewController.m in Sources */ = {isa = PBXBuildFile; fileRef = 46FDFFE41678368E0075A644 /* RegisterViewController.m */; };
		46FDFFE71678368E0075A644 /* RegisterViewController.xib in Resources */ = {isa = PBXBuildFile; fileRef = 46FDFFE51678368E0075A644 /* RegisterViewController.xib */; };
		AA8DBAB01669ED53003291D2 /* CategorySecViewController.m in Sources */ = {isa = PBXBuildFile; fileRef = AA8DBAAE1669ED53003291D2 /* CategorySecViewController.m */; };
		AA8DBAB11669ED53003291D2 /* CategorySecViewController.xib in Resources */ = {isa = PBXBuildFile; fileRef = AA8DBAAF1669ED53003291D2 /* CategorySecViewController.xib */; };
		AABB243516780C7300008F6B /* moveRight.png in Resources */ = {isa = PBXBuildFile; fileRef = AABB243416780C7300008F6B /* moveRight.png */; };
		AABB243816780C7B00008F6B /* moveLeft.png in Resources */ = {isa = PBXBuildFile; fileRef = AABB243716780C7B00008F6B /* moveLeft.png */; };
		AABB243A16780C8600008F6B /* plusBtn.png in Resources */ = {isa = PBXBuildFile; fileRef = AABB243916780C8600008F6B /* plusBtn.png */; };
		AABB243C16780C9300008F6B /* minusBtn.png in Resources */ = {isa = PBXBuildFile; fileRef = AABB243B16780C9300008F6B /* minusBtn.png */; };
		AABB45D8166C488800306A09 /* GoodsInfoViewController.m in Sources */ = {isa = PBXBuildFile; fileRef = AABB45D6166C488800306A09 /* GoodsInfoViewController.m */; };
		AABB45D9166C488800306A09 /* GoodsInfoViewController.xib in Resources */ = {isa = PBXBuildFile; fileRef = AABB45D7166C488800306A09 /* GoodsInfoViewController.xib */; };
		AAC801601665BF8400F5D655 /* CategoryModel.m in Sources */ = {isa = PBXBuildFile; fileRef = AAC8015F1665BF8400F5D655 /* CategoryModel.m */; };
		AAC8016A1665F90000F5D655 /* MoreViewController.xib in Resources */ = {isa = PBXBuildFile; fileRef = 466C69A7164B949E003ECB2F /* MoreViewController.xib */; };
		AAC8016C1665F91700F5D655 /* MyViewController.xib in Resources */ = {isa = PBXBuildFile; fileRef = 466C69AA164B949E003ECB2F /* MyViewController.xib */; };
		AAC8016F166600EF00F5D655 /* CartViewController.xib in Resources */ = {isa = PBXBuildFile; fileRef = 466C69AD164B949E003ECB2F /* CartViewController.xib */; };
		AAD7542E1666EEAE0059962D /* CategoryCell.m in Sources */ = {isa = PBXBuildFile; fileRef = AAD7542D1666EEAE0059962D /* CategoryCell.m */; };
		AAD754301666EEED0059962D /* CategoryCell.xib in Resources */ = {isa = PBXBuildFile; fileRef = AAD7542F1666EEED0059962D /* CategoryCell.xib */; };
/* End PBXBuildFile section */

/* Begin PBXContainerItemProxy section */
		4635DFB71643A39100C7B445 /* PBXContainerItemProxy */ = {
			isa = PBXContainerItemProxy;
			containerPortal = 4635DF741643A39000C7B445 /* Project object */;
			proxyType = 1;
			remoteGlobalIDString = 4635DF7C1643A39000C7B445;
			remoteInfo = yunmei.967067;
		};
/* End PBXContainerItemProxy section */

/* Begin PBXFileReference section */
		4617C6B41663157800D0E014 /* search_bg.png */ = {isa = PBXFileReference; lastKnownFileType = image.png; path = search_bg.png; sourceTree = "<group>"; };
		4630057016533ECF0046C903 /* Icon-72.png */ = {isa = PBXFileReference; lastKnownFileType = image.png; path = "Icon-72.png"; sourceTree = "<group>"; };
		4630057116533ECF0046C903 /* Icon-Small-50.png */ = {isa = PBXFileReference; lastKnownFileType = image.png; path = "Icon-Small-50.png"; sourceTree = "<group>"; };
		4630057216533ECF0046C903 /* Icon-Small.png */ = {isa = PBXFileReference; lastKnownFileType = image.png; path = "Icon-Small.png"; sourceTree = "<group>"; };
		4630057316533ED00046C903 /* Icon-Small@2x.png */ = {isa = PBXFileReference; lastKnownFileType = image.png; path = "Icon-Small@2x.png"; sourceTree = "<group>"; };
		4630057416533ED00046C903 /* Icon.png */ = {isa = PBXFileReference; lastKnownFileType = image.png; path = Icon.png; sourceTree = "<group>"; };
		4630057516533ED00046C903 /* Icon@2x.png */ = {isa = PBXFileReference; lastKnownFileType = image.png; path = "Icon@2x.png"; sourceTree = "<group>"; };
		4630057616533ED00046C903 /* iTunesArtwork.png */ = {isa = PBXFileReference; lastKnownFileType = image.png; path = iTunesArtwork.png; sourceTree = "<group>"; };
		46300588165366BD0046C903 /* MBProgressHUD.h */ = {isa = PBXFileReference; fileEncoding = 4; lastKnownFileType = sourcecode.c.h; path = MBProgressHUD.h; sourceTree = "<group>"; };
		46300589165366BD0046C903 /* MBProgressHUD.m */ = {isa = PBXFileReference; fileEncoding = 4; lastKnownFileType = sourcecode.c.objc; path = MBProgressHUD.m; sourceTree = "<group>"; };
		4635DF7D1643A39000C7B445 /* yunmei.967067.app */ = {isa = PBXFileReference; explicitFileType = wrapper.application; includeInIndex = 0; path = yunmei.967067.app; sourceTree = BUILT_PRODUCTS_DIR; };
		4635DF811643A39000C7B445 /* UIKit.framework */ = {isa = PBXFileReference; lastKnownFileType = wrapper.framework; name = UIKit.framework; path = System/Library/Frameworks/UIKit.framework; sourceTree = SDKROOT; };
		4635DF831643A39000C7B445 /* Foundation.framework */ = {isa = PBXFileReference; lastKnownFileType = wrapper.framework; name = Foundation.framework; path = System/Library/Frameworks/Foundation.framework; sourceTree = SDKROOT; };
		4635DF851643A39000C7B445 /* CoreGraphics.framework */ = {isa = PBXFileReference; lastKnownFileType = wrapper.framework; name = CoreGraphics.framework; path = System/Library/Frameworks/CoreGraphics.framework; sourceTree = SDKROOT; };
		4635DF891643A39000C7B445 /* yunmei.967067-Info.plist */ = {isa = PBXFileReference; lastKnownFileType = text.plist.xml; path = "yunmei.967067-Info.plist"; sourceTree = "<group>"; };
		4635DF8B1643A39000C7B445 /* en */ = {isa = PBXFileReference; lastKnownFileType = text.plist.strings; name = en; path = en.lproj/InfoPlist.strings; sourceTree = "<group>"; };
		4635DF8D1643A39000C7B445 /* main.m */ = {isa = PBXFileReference; lastKnownFileType = sourcecode.c.objc; path = main.m; sourceTree = "<group>"; };
		4635DF8F1643A39000C7B445 /* yunmei.967067-Prefix.pch */ = {isa = PBXFileReference; lastKnownFileType = sourcecode.c.h; path = "yunmei.967067-Prefix.pch"; sourceTree = "<group>"; };
		4635DF901643A39000C7B445 /* AppDelegate.h */ = {isa = PBXFileReference; lastKnownFileType = sourcecode.c.h; path = AppDelegate.h; sourceTree = "<group>"; };
		4635DF911643A39000C7B445 /* AppDelegate.m */ = {isa = PBXFileReference; lastKnownFileType = sourcecode.c.objc; path = AppDelegate.m; sourceTree = "<group>"; };
		4635DF931643A39000C7B445 /* Default.png */ = {isa = PBXFileReference; lastKnownFileType = image.png; path = Default.png; sourceTree = "<group>"; };
		4635DF951643A39000C7B445 /* Default@2x.png */ = {isa = PBXFileReference; lastKnownFileType = image.png; path = "Default@2x.png"; sourceTree = "<group>"; };
		4635DF971643A39000C7B445 /* Default-568h@2x.png */ = {isa = PBXFileReference; lastKnownFileType = image.png; path = "Default-568h@2x.png"; sourceTree = "<group>"; };
		4635DFB21643A39100C7B445 /* yunmei.967067Tests.octest */ = {isa = PBXFileReference; explicitFileType = wrapper.cfbundle; includeInIndex = 0; path = yunmei.967067Tests.octest; sourceTree = BUILT_PRODUCTS_DIR; };
		4635DFB31643A39100C7B445 /* SenTestingKit.framework */ = {isa = PBXFileReference; lastKnownFileType = wrapper.framework; name = SenTestingKit.framework; path = Library/Frameworks/SenTestingKit.framework; sourceTree = DEVELOPER_DIR; };
		4635DFBB1643A39100C7B445 /* yunmei.967067Tests-Info.plist */ = {isa = PBXFileReference; lastKnownFileType = text.plist.xml; path = "yunmei.967067Tests-Info.plist"; sourceTree = "<group>"; };
		4635DFBD1643A39100C7B445 /* en */ = {isa = PBXFileReference; lastKnownFileType = text.plist.strings; name = en; path = en.lproj/InfoPlist.strings; sourceTree = "<group>"; };
		4635DFBF1643A39100C7B445 /* yunmei_967067Tests.h */ = {isa = PBXFileReference; lastKnownFileType = sourcecode.c.h; path = yunmei_967067Tests.h; sourceTree = "<group>"; };
		4635DFC01643A39100C7B445 /* yunmei_967067Tests.m */ = {isa = PBXFileReference; lastKnownFileType = sourcecode.c.objc; path = yunmei_967067Tests.m; sourceTree = "<group>"; };
		4635DFCF1643B7C000C7B445 /* IndexViewController.h */ = {isa = PBXFileReference; fileEncoding = 4; lastKnownFileType = sourcecode.c.h; path = IndexViewController.h; sourceTree = "<group>"; };
		4635DFD01643B7C000C7B445 /* IndexViewController.m */ = {isa = PBXFileReference; fileEncoding = 4; lastKnownFileType = sourcecode.c.objc; path = IndexViewController.m; sourceTree = "<group>"; };
		4635DFD11643B7C100C7B445 /* IndexViewController.xib */ = {isa = PBXFileReference; fileEncoding = 4; lastKnownFileType = file.xib; path = IndexViewController.xib; sourceTree = "<group>"; };
		4635DFD41643B85700C7B445 /* CategoryViewController.h */ = {isa = PBXFileReference; fileEncoding = 4; lastKnownFileType = sourcecode.c.h; path = CategoryViewController.h; sourceTree = "<group>"; };
		4635DFD51643B85700C7B445 /* CategoryViewController.m */ = {isa = PBXFileReference; fileEncoding = 4; lastKnownFileType = sourcecode.c.objc; path = CategoryViewController.m; sourceTree = "<group>"; };
		4635DFD61643B85800C7B445 /* CategoryViewController.xib */ = {isa = PBXFileReference; fileEncoding = 4; lastKnownFileType = file.xib; path = CategoryViewController.xib; sourceTree = "<group>"; };
		464E0654164BC4CF0090162A /* GoodsListViewController.h */ = {isa = PBXFileReference; fileEncoding = 4; lastKnownFileType = sourcecode.c.h; path = GoodsListViewController.h; sourceTree = "<group>"; };
		464E0655164BC4CF0090162A /* GoodsListViewController.m */ = {isa = PBXFileReference; fileEncoding = 4; lastKnownFileType = sourcecode.c.objc; path = GoodsListViewController.m; sourceTree = "<group>"; };
		464E0656164BC4CF0090162A /* GoodsListViewController.xib */ = {isa = PBXFileReference; fileEncoding = 4; lastKnownFileType = file.xib; path = GoodsListViewController.xib; sourceTree = "<group>"; };
		466C69A0164B947E003ECB2F /* navigation_bar_bg.png */ = {isa = PBXFileReference; lastKnownFileType = image.png; path = navigation_bar_bg.png; sourceTree = "<group>"; };
		466C69A1164B947E003ECB2F /* navigation_bar_bg@2x.png */ = {isa = PBXFileReference; lastKnownFileType = image.png; path = "navigation_bar_bg@2x.png"; sourceTree = "<group>"; };
		466C69A5164B949E003ECB2F /* MoreViewController.h */ = {isa = PBXFileReference; fileEncoding = 4; lastKnownFileType = sourcecode.c.h; path = MoreViewController.h; sourceTree = "<group>"; };
		466C69A6164B949E003ECB2F /* MoreViewController.m */ = {isa = PBXFileReference; fileEncoding = 4; lastKnownFileType = sourcecode.c.objc; path = MoreViewController.m; sourceTree = "<group>"; };
		466C69A7164B949E003ECB2F /* MoreViewController.xib */ = {isa = PBXFileReference; fileEncoding = 4; lastKnownFileType = file.xib; path = MoreViewController.xib; sourceTree = "<group>"; };
		466C69A8164B949E003ECB2F /* MyViewController.h */ = {isa = PBXFileReference; fileEncoding = 4; lastKnownFileType = sourcecode.c.h; path = MyViewController.h; sourceTree = "<group>"; };
		466C69A9164B949E003ECB2F /* MyViewController.m */ = {isa = PBXFileReference; fileEncoding = 4; lastKnownFileType = sourcecode.c.objc; path = MyViewController.m; sourceTree = "<group>"; };
		466C69AA164B949E003ECB2F /* MyViewController.xib */ = {isa = PBXFileReference; fileEncoding = 4; lastKnownFileType = file.xib; path = MyViewController.xib; sourceTree = "<group>"; };
		466C69AB164B949E003ECB2F /* CartViewController.h */ = {isa = PBXFileReference; fileEncoding = 4; lastKnownFileType = sourcecode.c.h; path = CartViewController.h; sourceTree = "<group>"; };
		466C69AC164B949E003ECB2F /* CartViewController.m */ = {isa = PBXFileReference; fileEncoding = 4; lastKnownFileType = sourcecode.c.objc; path = CartViewController.m; sourceTree = "<group>"; };
		466C69AD164B949E003ECB2F /* CartViewController.xib */ = {isa = PBXFileReference; fileEncoding = 4; lastKnownFileType = file.xib; path = CartViewController.xib; sourceTree = "<group>"; };
		466C69C0164B97D0003ECB2F /* YMUIButton.h */ = {isa = PBXFileReference; fileEncoding = 4; lastKnownFileType = sourcecode.c.h; path = YMUIButton.h; sourceTree = "<group>"; };
		466C69C1164B97D0003ECB2F /* YMUIButton.m */ = {isa = PBXFileReference; fileEncoding = 4; lastKnownFileType = sourcecode.c.objc; path = YMUIButton.m; sourceTree = "<group>"; };
		46871A61166EE1CB00C91CE8 /* Decoder.h */ = {isa = PBXFileReference; fileEncoding = 4; lastKnownFileType = sourcecode.c.h; path = Decoder.h; sourceTree = "<group>"; };
		46871A62166EE1CB00C91CE8 /* Exception.h */ = {isa = PBXFileReference; fileEncoding = 4; lastKnownFileType = sourcecode.c.h; path = Exception.h; sourceTree = "<group>"; };
		46871A63166EE1CB00C91CE8 /* Image.h */ = {isa = PBXFileReference; fileEncoding = 4; lastKnownFileType = sourcecode.c.h; path = Image.h; sourceTree = "<group>"; };
		46871A64166EE1CB00C91CE8 /* ImageScanner.h */ = {isa = PBXFileReference; fileEncoding = 4; lastKnownFileType = sourcecode.c.h; path = ImageScanner.h; sourceTree = "<group>"; };
		46871A65166EE1CB00C91CE8 /* Processor.h */ = {isa = PBXFileReference; fileEncoding = 4; lastKnownFileType = sourcecode.c.h; path = Processor.h; sourceTree = "<group>"; };
		46871A66166EE1CB00C91CE8 /* Scanner.h */ = {isa = PBXFileReference; fileEncoding = 4; lastKnownFileType = sourcecode.c.h; path = Scanner.h; sourceTree = "<group>"; };
		46871A67166EE1CB00C91CE8 /* Symbol.h */ = {isa = PBXFileReference; fileEncoding = 4; lastKnownFileType = sourcecode.c.h; path = Symbol.h; sourceTree = "<group>"; };
		46871A68166EE1CB00C91CE8 /* Video.h */ = {isa = PBXFileReference; fileEncoding = 4; lastKnownFileType = sourcecode.c.h; path = Video.h; sourceTree = "<group>"; };
		46871A69166EE1CB00C91CE8 /* Window.h */ = {isa = PBXFileReference; fileEncoding = 4; lastKnownFileType = sourcecode.c.h; path = Window.h; sourceTree = "<group>"; };
		46871A6A166EE1CB00C91CE8 /* zbar.h */ = {isa = PBXFileReference; fileEncoding = 4; lastKnownFileType = sourcecode.c.h; path = zbar.h; sourceTree = "<group>"; };
		46871A6B166EE1CB00C91CE8 /* ZBarCameraSimulator.h */ = {isa = PBXFileReference; fileEncoding = 4; lastKnownFileType = sourcecode.c.h; path = ZBarCameraSimulator.h; sourceTree = "<group>"; };
		46871A6C166EE1CB00C91CE8 /* ZBarCaptureReader.h */ = {isa = PBXFileReference; fileEncoding = 4; lastKnownFileType = sourcecode.c.h; path = ZBarCaptureReader.h; sourceTree = "<group>"; };
		46871A6D166EE1CB00C91CE8 /* ZBarHelpController.h */ = {isa = PBXFileReference; fileEncoding = 4; lastKnownFileType = sourcecode.c.h; path = ZBarHelpController.h; sourceTree = "<group>"; };
		46871A6E166EE1CB00C91CE8 /* ZBarImage.h */ = {isa = PBXFileReference; fileEncoding = 4; lastKnownFileType = sourcecode.c.h; path = ZBarImage.h; sourceTree = "<group>"; };
		46871A6F166EE1CB00C91CE8 /* ZBarImageScanner.h */ = {isa = PBXFileReference; fileEncoding = 4; lastKnownFileType = sourcecode.c.h; path = ZBarImageScanner.h; sourceTree = "<group>"; };
		46871A70166EE1CB00C91CE8 /* ZBarReaderController.h */ = {isa = PBXFileReference; fileEncoding = 4; lastKnownFileType = sourcecode.c.h; path = ZBarReaderController.h; sourceTree = "<group>"; };
		46871A71166EE1CB00C91CE8 /* ZBarReaderView.h */ = {isa = PBXFileReference; fileEncoding = 4; lastKnownFileType = sourcecode.c.h; path = ZBarReaderView.h; sourceTree = "<group>"; };
		46871A72166EE1CB00C91CE8 /* ZBarReaderViewController.h */ = {isa = PBXFileReference; fileEncoding = 4; lastKnownFileType = sourcecode.c.h; path = ZBarReaderViewController.h; sourceTree = "<group>"; };
		46871A73166EE1CB00C91CE8 /* ZBarSDK.h */ = {isa = PBXFileReference; fileEncoding = 4; lastKnownFileType = sourcecode.c.h; path = ZBarSDK.h; sourceTree = "<group>"; };
		46871A74166EE1CB00C91CE8 /* ZBarSymbol.h */ = {isa = PBXFileReference; fileEncoding = 4; lastKnownFileType = sourcecode.c.h; path = ZBarSymbol.h; sourceTree = "<group>"; };
		46871A75166EE1CB00C91CE8 /* libzbar.a */ = {isa = PBXFileReference; lastKnownFileType = archive.ar; path = libzbar.a; sourceTree = "<group>"; };
		46871A77166EE1CB00C91CE8 /* zbar-back.png */ = {isa = PBXFileReference; lastKnownFileType = image.png; path = "zbar-back.png"; sourceTree = "<group>"; };
		46871A78166EE1CB00C91CE8 /* zbar-help.html */ = {isa = PBXFileReference; fileEncoding = 4; lastKnownFileType = text.html; path = "zbar-help.html"; sourceTree = "<group>"; };
		46871A79166EE1CB00C91CE8 /* zbar-helpicons.png */ = {isa = PBXFileReference; lastKnownFileType = image.png; path = "zbar-helpicons.png"; sourceTree = "<group>"; };
		46871A7A166EE1CB00C91CE8 /* zbar-samples.png */ = {isa = PBXFileReference; lastKnownFileType = image.png; path = "zbar-samples.png"; sourceTree = "<group>"; };
		46871A81166EE27400C91CE8 /* AVFoundation.framework */ = {isa = PBXFileReference; lastKnownFileType = wrapper.framework; name = AVFoundation.framework; path = System/Library/Frameworks/AVFoundation.framework; sourceTree = SDKROOT; };
		46871A83166EE28100C91CE8 /* CoreMedia.framework */ = {isa = PBXFileReference; lastKnownFileType = wrapper.framework; name = CoreMedia.framework; path = System/Library/Frameworks/CoreMedia.framework; sourceTree = SDKROOT; };
		46871A85166EE28A00C91CE8 /* CoreVideo.framework */ = {isa = PBXFileReference; lastKnownFileType = wrapper.framework; name = CoreVideo.framework; path = System/Library/Frameworks/CoreVideo.framework; sourceTree = SDKROOT; };
		46871A87166EE29500C91CE8 /* QuartzCore.framework */ = {isa = PBXFileReference; lastKnownFileType = wrapper.framework; name = QuartzCore.framework; path = System/Library/Frameworks/QuartzCore.framework; sourceTree = SDKROOT; };
		46871A89166EE2A600C91CE8 /* libiconv.dylib */ = {isa = PBXFileReference; lastKnownFileType = "compiled.mach-o.dylib"; name = libiconv.dylib; path = usr/lib/libiconv.dylib; sourceTree = SDKROOT; };
		46871A97166F2E7A00C91CE8 /* GoodsSearchViewController.h */ = {isa = PBXFileReference; fileEncoding = 4; lastKnownFileType = sourcecode.c.h; path = GoodsSearchViewController.h; sourceTree = "<group>"; };
		46871A98166F2E7A00C91CE8 /* GoodsSearchViewController.m */ = {isa = PBXFileReference; fileEncoding = 4; lastKnownFileType = sourcecode.c.objc; path = GoodsSearchViewController.m; sourceTree = "<group>"; };
		46871A99166F2E7A00C91CE8 /* GoodsSearchViewController.xib */ = {isa = PBXFileReference; fileEncoding = 4; lastKnownFileType = file.xib; path = GoodsSearchViewController.xib; sourceTree = "<group>"; };
		469142F21665E2B900093ACC /* NSObject+SBJson.h */ = {isa = PBXFileReference; fileEncoding = 4; lastKnownFileType = sourcecode.c.h; path = "NSObject+SBJson.h"; sourceTree = "<group>"; };
		469142F31665E2B900093ACC /* NSObject+SBJson.m */ = {isa = PBXFileReference; fileEncoding = 4; lastKnownFileType = sourcecode.c.objc; path = "NSObject+SBJson.m"; sourceTree = "<group>"; };
		469142F41665E2B900093ACC /* SBJson.h */ = {isa = PBXFileReference; fileEncoding = 4; lastKnownFileType = sourcecode.c.h; path = SBJson.h; sourceTree = "<group>"; };
		469142F51665E2B900093ACC /* SBJsonParser.h */ = {isa = PBXFileReference; fileEncoding = 4; lastKnownFileType = sourcecode.c.h; path = SBJsonParser.h; sourceTree = "<group>"; };
		469142F61665E2B900093ACC /* SBJsonParser.m */ = {isa = PBXFileReference; fileEncoding = 4; lastKnownFileType = sourcecode.c.objc; path = SBJsonParser.m; sourceTree = "<group>"; };
		469142F71665E2B900093ACC /* SBJsonStreamParser.h */ = {isa = PBXFileReference; fileEncoding = 4; lastKnownFileType = sourcecode.c.h; path = SBJsonStreamParser.h; sourceTree = "<group>"; };
		469142F81665E2B900093ACC /* SBJsonStreamParser.m */ = {isa = PBXFileReference; fileEncoding = 4; lastKnownFileType = sourcecode.c.objc; path = SBJsonStreamParser.m; sourceTree = "<group>"; };
		469142F91665E2B900093ACC /* SBJsonStreamParserAccumulator.h */ = {isa = PBXFileReference; fileEncoding = 4; lastKnownFileType = sourcecode.c.h; path = SBJsonStreamParserAccumulator.h; sourceTree = "<group>"; };
		469142FA1665E2B900093ACC /* SBJsonStreamParserAccumulator.m */ = {isa = PBXFileReference; fileEncoding = 4; lastKnownFileType = sourcecode.c.objc; path = SBJsonStreamParserAccumulator.m; sourceTree = "<group>"; };
		469142FB1665E2B900093ACC /* SBJsonStreamParserAdapter.h */ = {isa = PBXFileReference; fileEncoding = 4; lastKnownFileType = sourcecode.c.h; path = SBJsonStreamParserAdapter.h; sourceTree = "<group>"; };
		469142FC1665E2B900093ACC /* SBJsonStreamParserAdapter.m */ = {isa = PBXFileReference; fileEncoding = 4; lastKnownFileType = sourcecode.c.objc; path = SBJsonStreamParserAdapter.m; sourceTree = "<group>"; };
		469142FD1665E2B900093ACC /* SBJsonStreamParserState.h */ = {isa = PBXFileReference; fileEncoding = 4; lastKnownFileType = sourcecode.c.h; path = SBJsonStreamParserState.h; sourceTree = "<group>"; };
		469142FE1665E2B900093ACC /* SBJsonStreamParserState.m */ = {isa = PBXFileReference; fileEncoding = 4; lastKnownFileType = sourcecode.c.objc; path = SBJsonStreamParserState.m; sourceTree = "<group>"; };
		469142FF1665E2B900093ACC /* SBJsonStreamWriter.h */ = {isa = PBXFileReference; fileEncoding = 4; lastKnownFileType = sourcecode.c.h; path = SBJsonStreamWriter.h; sourceTree = "<group>"; };
		469143001665E2B900093ACC /* SBJsonStreamWriter.m */ = {isa = PBXFileReference; fileEncoding = 4; lastKnownFileType = sourcecode.c.objc; path = SBJsonStreamWriter.m; sourceTree = "<group>"; };
		469143011665E2B900093ACC /* SBJsonStreamWriterAccumulator.h */ = {isa = PBXFileReference; fileEncoding = 4; lastKnownFileType = sourcecode.c.h; path = SBJsonStreamWriterAccumulator.h; sourceTree = "<group>"; };
		469143021665E2B900093ACC /* SBJsonStreamWriterAccumulator.m */ = {isa = PBXFileReference; fileEncoding = 4; lastKnownFileType = sourcecode.c.objc; path = SBJsonStreamWriterAccumulator.m; sourceTree = "<group>"; };
		469143031665E2B900093ACC /* SBJsonStreamWriterState.h */ = {isa = PBXFileReference; fileEncoding = 4; lastKnownFileType = sourcecode.c.h; path = SBJsonStreamWriterState.h; sourceTree = "<group>"; };
		469143041665E2B900093ACC /* SBJsonStreamWriterState.m */ = {isa = PBXFileReference; fileEncoding = 4; lastKnownFileType = sourcecode.c.objc; path = SBJsonStreamWriterState.m; sourceTree = "<group>"; };
		469143051665E2B900093ACC /* SBJsonTokeniser.h */ = {isa = PBXFileReference; fileEncoding = 4; lastKnownFileType = sourcecode.c.h; path = SBJsonTokeniser.h; sourceTree = "<group>"; };
		469143061665E2B900093ACC /* SBJsonTokeniser.m */ = {isa = PBXFileReference; fileEncoding = 4; lastKnownFileType = sourcecode.c.objc; path = SBJsonTokeniser.m; sourceTree = "<group>"; };
		469143071665E2B900093ACC /* SBJsonUTF8Stream.h */ = {isa = PBXFileReference; fileEncoding = 4; lastKnownFileType = sourcecode.c.h; path = SBJsonUTF8Stream.h; sourceTree = "<group>"; };
		469143081665E2B900093ACC /* SBJsonUTF8Stream.m */ = {isa = PBXFileReference; fileEncoding = 4; lastKnownFileType = sourcecode.c.objc; path = SBJsonUTF8Stream.m; sourceTree = "<group>"; };
		469143091665E2B900093ACC /* SBJsonWriter.h */ = {isa = PBXFileReference; fileEncoding = 4; lastKnownFileType = sourcecode.c.h; path = SBJsonWriter.h; sourceTree = "<group>"; };
		4691430A1665E2B900093ACC /* SBJsonWriter.m */ = {isa = PBXFileReference; fileEncoding = 4; lastKnownFileType = sourcecode.c.objc; path = SBJsonWriter.m; sourceTree = "<group>"; };
		4697E413166C38D7006BEF17 /* PullToRefreshTableView.h */ = {isa = PBXFileReference; fileEncoding = 4; lastKnownFileType = sourcecode.c.h; path = PullToRefreshTableView.h; sourceTree = "<group>"; };
		4697E414166C38D7006BEF17 /* PullToRefreshTableView.m */ = {isa = PBXFileReference; fileEncoding = 4; lastKnownFileType = sourcecode.c.objc; path = PullToRefreshTableView.m; sourceTree = "<group>"; };
		469EA38D1671B9E40028CB57 /* tabbar_cart_unselected@2x.png */ = {isa = PBXFileReference; lastKnownFileType = image.png; path = "tabbar_cart_unselected@2x.png"; sourceTree = "<group>"; };
		469EA38E1671B9E40028CB57 /* tabbar_cart@2x.png */ = {isa = PBXFileReference; lastKnownFileType = image.png; path = "tabbar_cart@2x.png"; sourceTree = "<group>"; };
		469EA38F1671B9E40028CB57 /* tabbar_category_unselected@2x.png */ = {isa = PBXFileReference; lastKnownFileType = image.png; path = "tabbar_category_unselected@2x.png"; sourceTree = "<group>"; };
		469EA3901671B9E40028CB57 /* tabbar_category@2x.png */ = {isa = PBXFileReference; lastKnownFileType = image.png; path = "tabbar_category@2x.png"; sourceTree = "<group>"; };
		469EA3911671B9E40028CB57 /* tabbar_index_unselected@2x.png */ = {isa = PBXFileReference; lastKnownFileType = image.png; path = "tabbar_index_unselected@2x.png"; sourceTree = "<group>"; };
		469EA3921671B9E40028CB57 /* tabbar_index@2x.png */ = {isa = PBXFileReference; lastKnownFileType = image.png; path = "tabbar_index@2x.png"; sourceTree = "<group>"; };
		469EA3931671B9E40028CB57 /* tabbar_more_unselected@2x.png */ = {isa = PBXFileReference; lastKnownFileType = image.png; path = "tabbar_more_unselected@2x.png"; sourceTree = "<group>"; };
		469EA3941671B9E40028CB57 /* tabbar_more@2x.png */ = {isa = PBXFileReference; lastKnownFileType = image.png; path = "tabbar_more@2x.png"; sourceTree = "<group>"; };
		469EA3951671B9E50028CB57 /* tabbar_my_unselected@2x.png */ = {isa = PBXFileReference; lastKnownFileType = image.png; path = "tabbar_my_unselected@2x.png"; sourceTree = "<group>"; };
		469EA3961671B9E50028CB57 /* tabbar_my@2x.png */ = {isa = PBXFileReference; lastKnownFileType = image.png; path = "tabbar_my@2x.png"; sourceTree = "<group>"; };
		469EA3A11671BAF20028CB57 /* tabbar_cart_unselected.png */ = {isa = PBXFileReference; lastKnownFileType = image.png; path = tabbar_cart_unselected.png; sourceTree = "<group>"; };
		469EA3A21671BAF20028CB57 /* tabbar_cart.png */ = {isa = PBXFileReference; lastKnownFileType = image.png; path = tabbar_cart.png; sourceTree = "<group>"; };
		469EA3A31671BAF20028CB57 /* tabbar_category_unselected.png */ = {isa = PBXFileReference; lastKnownFileType = image.png; path = tabbar_category_unselected.png; sourceTree = "<group>"; };
		469EA3A41671BAF20028CB57 /* tabbar_category.png */ = {isa = PBXFileReference; lastKnownFileType = image.png; path = tabbar_category.png; sourceTree = "<group>"; };
		469EA3A51671BAF20028CB57 /* tabbar_index_selected.png */ = {isa = PBXFileReference; lastKnownFileType = image.png; path = tabbar_index_selected.png; sourceTree = "<group>"; };
		469EA3A61671BAF20028CB57 /* tabbar_index_unselected.png */ = {isa = PBXFileReference; lastKnownFileType = image.png; path = tabbar_index_unselected.png; sourceTree = "<group>"; };
		469EA3A71671BAF20028CB57 /* tabbar_index.png */ = {isa = PBXFileReference; lastKnownFileType = image.png; path = tabbar_index.png; sourceTree = "<group>"; };
		469EA3A81671BAF20028CB57 /* tabbar_more_unselected.png */ = {isa = PBXFileReference; lastKnownFileType = image.png; path = tabbar_more_unselected.png; sourceTree = "<group>"; };
		469EA3A91671BAF20028CB57 /* tabbar_more.png */ = {isa = PBXFileReference; lastKnownFileType = image.png; path = tabbar_more.png; sourceTree = "<group>"; };
		469EA3AA1671BAF20028CB57 /* tabbar_my_unselected.png */ = {isa = PBXFileReference; lastKnownFileType = image.png; path = tabbar_my_unselected.png; sourceTree = "<group>"; };
		469EA3AB1671BAF20028CB57 /* tabbar_my.png */ = {isa = PBXFileReference; lastKnownFileType = image.png; path = tabbar_my.png; sourceTree = "<group>"; };
		46A68D3B1663516500083F79 /* search_btn.png */ = {isa = PBXFileReference; lastKnownFileType = image.png; path = search_btn.png; sourceTree = "<group>"; };
		46A68D3C1663516500083F79 /* tdc_btn.png */ = {isa = PBXFileReference; lastKnownFileType = image.png; path = tdc_btn.png; sourceTree = "<group>"; };
		46BD1878166740C2007E72EB /* GoodsModel.h */ = {isa = PBXFileReference; fileEncoding = 4; lastKnownFileType = sourcecode.c.h; path = GoodsModel.h; sourceTree = "<group>"; };
		46BD1879166740C2007E72EB /* GoodsModel.m */ = {isa = PBXFileReference; fileEncoding = 4; lastKnownFileType = sourcecode.c.objc; path = GoodsModel.m; sourceTree = "<group>"; };
		46BD188A166880AB007E72EB /* GoodsCell.h */ = {isa = PBXFileReference; fileEncoding = 4; lastKnownFileType = sourcecode.c.h; path = GoodsCell.h; sourceTree = "<group>"; };
		46BD188B166880AB007E72EB /* GoodsCell.m */ = {isa = PBXFileReference; fileEncoding = 4; lastKnownFileType = sourcecode.c.objc; path = GoodsCell.m; sourceTree = "<group>"; };
		46BD188C166880AB007E72EB /* GoodsCell.xib */ = {isa = PBXFileReference; fileEncoding = 4; lastKnownFileType = file.xib; path = GoodsCell.xib; sourceTree = "<group>"; };
		46CC0C6E1651D2D900210CFE /* NSAlert+MKNetworkKitAdditions.m */ = {isa = PBXFileReference; fileEncoding = 4; lastKnownFileType = sourcecode.c.objc; path = "NSAlert+MKNetworkKitAdditions.m"; sourceTree = "<group>"; };
		46CC0C6F1651D2D900210CFE /* NSData+Base64.h */ = {isa = PBXFileReference; fileEncoding = 4; lastKnownFileType = sourcecode.c.h; path = "NSData+Base64.h"; sourceTree = "<group>"; };
		46CC0C701651D2D900210CFE /* NSData+Base64.m */ = {isa = PBXFileReference; fileEncoding = 4; lastKnownFileType = sourcecode.c.objc; path = "NSData+Base64.m"; sourceTree = "<group>"; };
		46CC0C711651D2D900210CFE /* NSDate+RFC1123.h */ = {isa = PBXFileReference; fileEncoding = 4; lastKnownFileType = sourcecode.c.h; path = "NSDate+RFC1123.h"; sourceTree = "<group>"; };
		46CC0C721651D2D900210CFE /* NSDate+RFC1123.m */ = {isa = PBXFileReference; fileEncoding = 4; lastKnownFileType = sourcecode.c.objc; path = "NSDate+RFC1123.m"; sourceTree = "<group>"; };
		46CC0C731651D2D900210CFE /* NSDictionary+RequestEncoding.h */ = {isa = PBXFileReference; fileEncoding = 4; lastKnownFileType = sourcecode.c.h; path = "NSDictionary+RequestEncoding.h"; sourceTree = "<group>"; };
		46CC0C741651D2D900210CFE /* NSDictionary+RequestEncoding.m */ = {isa = PBXFileReference; fileEncoding = 4; lastKnownFileType = sourcecode.c.objc; path = "NSDictionary+RequestEncoding.m"; sourceTree = "<group>"; };
		46CC0C751651D2D900210CFE /* NSString+MKNetworkKitAdditions.h */ = {isa = PBXFileReference; fileEncoding = 4; lastKnownFileType = sourcecode.c.h; path = "NSString+MKNetworkKitAdditions.h"; sourceTree = "<group>"; };
		46CC0C761651D2D900210CFE /* NSString+MKNetworkKitAdditions.m */ = {isa = PBXFileReference; fileEncoding = 4; lastKnownFileType = sourcecode.c.objc; path = "NSString+MKNetworkKitAdditions.m"; sourceTree = "<group>"; };
		46CC0C771651D2D900210CFE /* UIAlertView+MKNetworkKitAdditions.h */ = {isa = PBXFileReference; fileEncoding = 4; lastKnownFileType = sourcecode.c.h; path = "UIAlertView+MKNetworkKitAdditions.h"; sourceTree = "<group>"; };
		46CC0C781651D2D900210CFE /* UIAlertView+MKNetworkKitAdditions.m */ = {isa = PBXFileReference; fileEncoding = 4; lastKnownFileType = sourcecode.c.objc; path = "UIAlertView+MKNetworkKitAdditions.m"; sourceTree = "<group>"; };
		46CC0C791651D2D900210CFE /* MKNetworkEngine.h */ = {isa = PBXFileReference; fileEncoding = 4; lastKnownFileType = sourcecode.c.h; path = MKNetworkEngine.h; sourceTree = "<group>"; };
		46CC0C7A1651D2D900210CFE /* MKNetworkEngine.m */ = {isa = PBXFileReference; fileEncoding = 4; lastKnownFileType = sourcecode.c.objc; path = MKNetworkEngine.m; sourceTree = "<group>"; };
		46CC0C7B1651D2D900210CFE /* MKNetworkKit.h */ = {isa = PBXFileReference; fileEncoding = 4; lastKnownFileType = sourcecode.c.h; path = MKNetworkKit.h; sourceTree = "<group>"; };
		46CC0C7C1651D2D900210CFE /* MKNetworkOperation.h */ = {isa = PBXFileReference; fileEncoding = 4; lastKnownFileType = sourcecode.c.h; path = MKNetworkOperation.h; sourceTree = "<group>"; };
		46CC0C7D1651D2D900210CFE /* MKNetworkOperation.m */ = {isa = PBXFileReference; fileEncoding = 4; lastKnownFileType = sourcecode.c.objc; path = MKNetworkOperation.m; sourceTree = "<group>"; };
		46CC0C7F1651D2D900210CFE /* Reachability.h */ = {isa = PBXFileReference; fileEncoding = 4; lastKnownFileType = sourcecode.c.h; path = Reachability.h; sourceTree = "<group>"; };
		46CC0C801651D2D900210CFE /* Reachability.m */ = {isa = PBXFileReference; fileEncoding = 4; lastKnownFileType = sourcecode.c.objc; path = Reachability.m; sourceTree = "<group>"; };
		46CC0C8B1651D31300210CFE /* CFNetwork.framework */ = {isa = PBXFileReference; lastKnownFileType = wrapper.framework; name = CFNetwork.framework; path = System/Library/Frameworks/CFNetwork.framework; sourceTree = SDKROOT; };
		46CC0C8D1651D32800210CFE /* SystemConfiguration.framework */ = {isa = PBXFileReference; lastKnownFileType = wrapper.framework; name = SystemConfiguration.framework; path = System/Library/Frameworks/SystemConfiguration.framework; sourceTree = SDKROOT; };
		46CC0C8F1651D33700210CFE /* Security.framework */ = {isa = PBXFileReference; lastKnownFileType = wrapper.framework; name = Security.framework; path = System/Library/Frameworks/Security.framework; sourceTree = SDKROOT; };
		46CC0C921651E69500210CFE /* Constants.h */ = {isa = PBXFileReference; lastKnownFileType = sourcecode.c.h; path = Constants.h; sourceTree = "<group>"; };
		46CC0C931651ECC600210CFE /* AdModel.h */ = {isa = PBXFileReference; fileEncoding = 4; lastKnownFileType = sourcecode.c.h; path = AdModel.h; sourceTree = "<group>"; };
		46CC0C941651ECC600210CFE /* AdModel.m */ = {isa = PBXFileReference; fileEncoding = 4; lastKnownFileType = sourcecode.c.objc; path = AdModel.m; sourceTree = "<group>"; };
		46CC0C9E1652214500210CFE /* YMGlobal.h */ = {isa = PBXFileReference; fileEncoding = 4; lastKnownFileType = sourcecode.c.h; path = YMGlobal.h; sourceTree = "<group>"; };
		46CC0C9F1652214500210CFE /* YMGlobal.m */ = {isa = PBXFileReference; fileEncoding = 4; lastKnownFileType = sourcecode.c.objc; path = YMGlobal.m; sourceTree = "<group>"; };
		46E342611659E18A000255C6 /* goods_default.png */ = {isa = PBXFileReference; lastKnownFileType = image.png; path = goods_default.png; sourceTree = "<group>"; };
		46E342621659E18A000255C6 /* ad_default.png */ = {isa = PBXFileReference; lastKnownFileType = image.png; path = ad_default.png; sourceTree = "<group>"; };
		46E8659F164CB22700F620DB /* tab_bar_bg.png */ = {isa = PBXFileReference; lastKnownFileType = image.png; path = tab_bar_bg.png; sourceTree = "<group>"; };
		46FDFFDE167836320075A644 /* LoginViewController.h */ = {isa = PBXFileReference; fileEncoding = 4; lastKnownFileType = sourcecode.c.h; path = LoginViewController.h; sourceTree = "<group>"; };
		46FDFFDF167836320075A644 /* LoginViewController.m */ = {isa = PBXFileReference; fileEncoding = 4; lastKnownFileType = sourcecode.c.objc; path = LoginViewController.m; sourceTree = "<group>"; };
		46FDFFE0167836320075A644 /* LoginViewController.xib */ = {isa = PBXFileReference; fileEncoding = 4; lastKnownFileType = file.xib; path = LoginViewController.xib; sourceTree = "<group>"; };
		46FDFFE31678368E0075A644 /* RegisterViewController.h */ = {isa = PBXFileReference; fileEncoding = 4; lastKnownFileType = sourcecode.c.h; path = RegisterViewController.h; sourceTree = "<group>"; };
		46FDFFE41678368E0075A644 /* RegisterViewController.m */ = {isa = PBXFileReference; fileEncoding = 4; lastKnownFileType = sourcecode.c.objc; path = RegisterViewController.m; sourceTree = "<group>"; };
		46FDFFE51678368E0075A644 /* RegisterViewController.xib */ = {isa = PBXFileReference; fileEncoding = 4; lastKnownFileType = file.xib; path = RegisterViewController.xib; sourceTree = "<group>"; };
		AA8DBAAD1669ED53003291D2 /* CategorySecViewController.h */ = {isa = PBXFileReference; fileEncoding = 4; lastKnownFileType = sourcecode.c.h; path = CategorySecViewController.h; sourceTree = "<group>"; };
		AA8DBAAE1669ED53003291D2 /* CategorySecViewController.m */ = {isa = PBXFileReference; fileEncoding = 4; lastKnownFileType = sourcecode.c.objc; path = CategorySecViewController.m; sourceTree = "<group>"; };
		AA8DBAAF1669ED53003291D2 /* CategorySecViewController.xib */ = {isa = PBXFileReference; fileEncoding = 4; lastKnownFileType = file.xib; path = CategorySecViewController.xib; sourceTree = "<group>"; };
		AABB243416780C7300008F6B /* moveRight.png */ = {isa = PBXFileReference; lastKnownFileType = image.png; path = moveRight.png; sourceTree = "<group>"; };
		AABB243716780C7B00008F6B /* moveLeft.png */ = {isa = PBXFileReference; lastKnownFileType = image.png; path = moveLeft.png; sourceTree = "<group>"; };
		AABB243916780C8600008F6B /* plusBtn.png */ = {isa = PBXFileReference; lastKnownFileType = image.png; path = plusBtn.png; sourceTree = "<group>"; };
		AABB243B16780C9300008F6B /* minusBtn.png */ = {isa = PBXFileReference; lastKnownFileType = image.png; path = minusBtn.png; sourceTree = "<group>"; };
		AABB45D5166C488800306A09 /* GoodsInfoViewController.h */ = {isa = PBXFileReference; fileEncoding = 4; lastKnownFileType = sourcecode.c.h; path = GoodsInfoViewController.h; sourceTree = "<group>"; };
		AABB45D6166C488800306A09 /* GoodsInfoViewController.m */ = {isa = PBXFileReference; fileEncoding = 4; lastKnownFileType = sourcecode.c.objc; path = GoodsInfoViewController.m; sourceTree = "<group>"; };
		AABB45D7166C488800306A09 /* GoodsInfoViewController.xib */ = {isa = PBXFileReference; fileEncoding = 4; lastKnownFileType = file.xib; path = GoodsInfoViewController.xib; sourceTree = "<group>"; };
		AAC8015E1665BF8400F5D655 /* CategoryModel.h */ = {isa = PBXFileReference; fileEncoding = 4; lastKnownFileType = sourcecode.c.h; path = CategoryModel.h; sourceTree = "<group>"; };
		AAC8015F1665BF8400F5D655 /* CategoryModel.m */ = {isa = PBXFileReference; fileEncoding = 4; lastKnownFileType = sourcecode.c.objc; path = CategoryModel.m; sourceTree = "<group>"; };
		AAD7542C1666EEAE0059962D /* CategoryCell.h */ = {isa = PBXFileReference; fileEncoding = 4; lastKnownFileType = sourcecode.c.h; path = CategoryCell.h; sourceTree = "<group>"; };
		AAD7542D1666EEAE0059962D /* CategoryCell.m */ = {isa = PBXFileReference; fileEncoding = 4; lastKnownFileType = sourcecode.c.objc; path = CategoryCell.m; sourceTree = "<group>"; };
		AAD7542F1666EEED0059962D /* CategoryCell.xib */ = {isa = PBXFileReference; fileEncoding = 4; lastKnownFileType = file.xib; path = CategoryCell.xib; sourceTree = "<group>"; };
/* End PBXFileReference section */

/* Begin PBXFrameworksBuildPhase section */
		4635DF7A1643A39000C7B445 /* Frameworks */ = {
			isa = PBXFrameworksBuildPhase;
			buildActionMask = 2147483647;
			files = (
				46871A8A166EE2A600C91CE8 /* libiconv.dylib in Frameworks */,
				46871A88166EE29500C91CE8 /* QuartzCore.framework in Frameworks */,
				46871A86166EE28A00C91CE8 /* CoreVideo.framework in Frameworks */,
				46871A84166EE28100C91CE8 /* CoreMedia.framework in Frameworks */,
				46871A82166EE27400C91CE8 /* AVFoundation.framework in Frameworks */,
				46CC0C901651D33700210CFE /* Security.framework in Frameworks */,
				46CC0C8E1651D32800210CFE /* SystemConfiguration.framework in Frameworks */,
				46CC0C8C1651D31300210CFE /* CFNetwork.framework in Frameworks */,
				4635DF821643A39000C7B445 /* UIKit.framework in Frameworks */,
				4635DF841643A39000C7B445 /* Foundation.framework in Frameworks */,
				4635DF861643A39000C7B445 /* CoreGraphics.framework in Frameworks */,
				46871A7B166EE1CB00C91CE8 /* libzbar.a in Frameworks */,
			);
			runOnlyForDeploymentPostprocessing = 0;
		};
		4635DFAE1643A39100C7B445 /* Frameworks */ = {
			isa = PBXFrameworksBuildPhase;
			buildActionMask = 2147483647;
			files = (
				4635DFB41643A39100C7B445 /* SenTestingKit.framework in Frameworks */,
				4635DFB51643A39100C7B445 /* UIKit.framework in Frameworks */,
				4635DFB61643A39100C7B445 /* Foundation.framework in Frameworks */,
			);
			runOnlyForDeploymentPostprocessing = 0;
		};
/* End PBXFrameworksBuildPhase section */

/* Begin PBXGroup section */
		4630057F1653487D0046C903 /* Custom */ = {
			isa = PBXGroup;
			children = (
				AAD7542A1666EE0D0059962D /* CustomCell */,
			);
			name = Custom;
			sourceTree = "<group>";
		};
		4635DF721643A39000C7B445 = {
			isa = PBXGroup;
			children = (
				4635DF871643A39000C7B445 /* yunmei.967067 */,
				4635DFB91643A39100C7B445 /* yunmei.967067Tests */,
				4635DF801643A39000C7B445 /* Frameworks */,
				4635DF7E1643A39000C7B445 /* Products */,
			);
			sourceTree = "<group>";
		};
		4635DF7E1643A39000C7B445 /* Products */ = {
			isa = PBXGroup;
			children = (
				4635DF7D1643A39000C7B445 /* yunmei.967067.app */,
				4635DFB21643A39100C7B445 /* yunmei.967067Tests.octest */,
			);
			name = Products;
			sourceTree = "<group>";
		};
		4635DF801643A39000C7B445 /* Frameworks */ = {
			isa = PBXGroup;
			children = (
				46871A89166EE2A600C91CE8 /* libiconv.dylib */,
				46871A87166EE29500C91CE8 /* QuartzCore.framework */,
				46871A85166EE28A00C91CE8 /* CoreVideo.framework */,
				46871A83166EE28100C91CE8 /* CoreMedia.framework */,
				46871A81166EE27400C91CE8 /* AVFoundation.framework */,
				46CC0C8F1651D33700210CFE /* Security.framework */,
				46CC0C8D1651D32800210CFE /* SystemConfiguration.framework */,
				46CC0C8B1651D31300210CFE /* CFNetwork.framework */,
				4635DF811643A39000C7B445 /* UIKit.framework */,
				4635DF831643A39000C7B445 /* Foundation.framework */,
				4635DF851643A39000C7B445 /* CoreGraphics.framework */,
				4635DFB31643A39100C7B445 /* SenTestingKit.framework */,
			);
			name = Frameworks;
			sourceTree = "<group>";
		};
		4635DF871643A39000C7B445 /* yunmei.967067 */ = {
			isa = PBXGroup;
			children = (
				4635DF901643A39000C7B445 /* AppDelegate.h */,
				4635DF911643A39000C7B445 /* AppDelegate.m */,
				4635DFCF1643B7C000C7B445 /* IndexViewController.h */,
				4635DFD01643B7C000C7B445 /* IndexViewController.m */,
				4635DFD11643B7C100C7B445 /* IndexViewController.xib */,
				466C69A5164B949E003ECB2F /* MoreViewController.h */,
				466C69A6164B949E003ECB2F /* MoreViewController.m */,
				466C69A7164B949E003ECB2F /* MoreViewController.xib */,
				466C69AB164B949E003ECB2F /* CartViewController.h */,
				466C69AC164B949E003ECB2F /* CartViewController.m */,
				466C69AD164B949E003ECB2F /* CartViewController.xib */,
				46FDFFDC167835EB0075A644 /* MyCenter */,
				464E0650164BC4580090162A /* Goods */,
				464E064F164BC37C0090162A /* Category */,
				4630057F1653487D0046C903 /* Custom */,
				4635DF881643A39000C7B445 /* Supporting Files */,
			);
			path = yunmei.967067;
			sourceTree = "<group>";
		};
		4635DF881643A39000C7B445 /* Supporting Files */ = {
			isa = PBXGroup;
			children = (
				46CC0C911651D49000210CFE /* Model */,
				466C69BF164B97A5003ECB2F /* Class */,
				4635DFCE1643A47000C7B445 /* Images */,
				4635DF891643A39000C7B445 /* yunmei.967067-Info.plist */,
				4635DF8A1643A39000C7B445 /* InfoPlist.strings */,
				4635DF8D1643A39000C7B445 /* main.m */,
				4635DF8F1643A39000C7B445 /* yunmei.967067-Prefix.pch */,
				46CC0C921651E69500210CFE /* Constants.h */,
			);
			name = "Supporting Files";
			sourceTree = "<group>";
		};
		4635DFB91643A39100C7B445 /* yunmei.967067Tests */ = {
			isa = PBXGroup;
			children = (
				4635DFBF1643A39100C7B445 /* yunmei_967067Tests.h */,
				4635DFC01643A39100C7B445 /* yunmei_967067Tests.m */,
				4635DFBA1643A39100C7B445 /* Supporting Files */,
			);
			path = yunmei.967067Tests;
			sourceTree = "<group>";
		};
		4635DFBA1643A39100C7B445 /* Supporting Files */ = {
			isa = PBXGroup;
			children = (
				4635DFBB1643A39100C7B445 /* yunmei.967067Tests-Info.plist */,
				4635DFBC1643A39100C7B445 /* InfoPlist.strings */,
			);
			name = "Supporting Files";
			sourceTree = "<group>";
		};
		4635DFCE1643A47000C7B445 /* Images */ = {
			isa = PBXGroup;
			children = (
				AABB243B16780C9300008F6B /* minusBtn.png */,
				AABB243916780C8600008F6B /* plusBtn.png */,
				AABB243716780C7B00008F6B /* moveLeft.png */,
				AABB243416780C7300008F6B /* moveRight.png */,
				469EA3A11671BAF20028CB57 /* tabbar_cart_unselected.png */,
				469EA3A21671BAF20028CB57 /* tabbar_cart.png */,
				469EA3A31671BAF20028CB57 /* tabbar_category_unselected.png */,
				469EA3A41671BAF20028CB57 /* tabbar_category.png */,
				469EA3A51671BAF20028CB57 /* tabbar_index_selected.png */,
				469EA3A61671BAF20028CB57 /* tabbar_index_unselected.png */,
				469EA3A71671BAF20028CB57 /* tabbar_index.png */,
				469EA3A81671BAF20028CB57 /* tabbar_more_unselected.png */,
				469EA3A91671BAF20028CB57 /* tabbar_more.png */,
				469EA3AA1671BAF20028CB57 /* tabbar_my_unselected.png */,
				469EA3AB1671BAF20028CB57 /* tabbar_my.png */,
				469EA38D1671B9E40028CB57 /* tabbar_cart_unselected@2x.png */,
				469EA38E1671B9E40028CB57 /* tabbar_cart@2x.png */,
				469EA38F1671B9E40028CB57 /* tabbar_category_unselected@2x.png */,
				469EA3901671B9E40028CB57 /* tabbar_category@2x.png */,
				469EA3911671B9E40028CB57 /* tabbar_index_unselected@2x.png */,
				469EA3921671B9E40028CB57 /* tabbar_index@2x.png */,
				469EA3931671B9E40028CB57 /* tabbar_more_unselected@2x.png */,
				469EA3941671B9E40028CB57 /* tabbar_more@2x.png */,
				469EA3951671B9E50028CB57 /* tabbar_my_unselected@2x.png */,
				469EA3961671B9E50028CB57 /* tabbar_my@2x.png */,
				46A68D3B1663516500083F79 /* search_btn.png */,
				46A68D3C1663516500083F79 /* tdc_btn.png */,
				4617C6B41663157800D0E014 /* search_bg.png */,
				46E342611659E18A000255C6 /* goods_default.png */,
				46E342621659E18A000255C6 /* ad_default.png */,
				4630057016533ECF0046C903 /* Icon-72.png */,
				4630057116533ECF0046C903 /* Icon-Small-50.png */,
				4630057216533ECF0046C903 /* Icon-Small.png */,
				4630057316533ED00046C903 /* Icon-Small@2x.png */,
				4630057416533ED00046C903 /* Icon.png */,
				4630057516533ED00046C903 /* Icon@2x.png */,
				4630057616533ED00046C903 /* iTunesArtwork.png */,
				46E8659F164CB22700F620DB /* tab_bar_bg.png */,
				466C69A0164B947E003ECB2F /* navigation_bar_bg.png */,
				466C69A1164B947E003ECB2F /* navigation_bar_bg@2x.png */,
				4635DF931643A39000C7B445 /* Default.png */,
				4635DF951643A39000C7B445 /* Default@2x.png */,
				4635DF971643A39000C7B445 /* Default-568h@2x.png */,
			);
			name = Images;
			sourceTree = "<group>";
		};
		464E064F164BC37C0090162A /* Category */ = {
			isa = PBXGroup;
			children = (
				4635DFD41643B85700C7B445 /* CategoryViewController.h */,
				4635DFD51643B85700C7B445 /* CategoryViewController.m */,
				4635DFD61643B85800C7B445 /* CategoryViewController.xib */,
				AA8DBAAD1669ED53003291D2 /* CategorySecViewController.h */,
				AA8DBAAE1669ED53003291D2 /* CategorySecViewController.m */,
				AA8DBAAF1669ED53003291D2 /* CategorySecViewController.xib */,
			);
			name = Category;
			sourceTree = "<group>";
		};
		464E0650164BC4580090162A /* Goods */ = {
			isa = PBXGroup;
			children = (
				464E0654164BC4CF0090162A /* GoodsListViewController.h */,
				464E0655164BC4CF0090162A /* GoodsListViewController.m */,
				464E0656164BC4CF0090162A /* GoodsListViewController.xib */,
				AABB45D5166C488800306A09 /* GoodsInfoViewController.h */,
				AABB45D6166C488800306A09 /* GoodsInfoViewController.m */,
				AABB45D7166C488800306A09 /* GoodsInfoViewController.xib */,
				46871A97166F2E7A00C91CE8 /* GoodsSearchViewController.h */,
				46871A98166F2E7A00C91CE8 /* GoodsSearchViewController.m */,
				46871A99166F2E7A00C91CE8 /* GoodsSearchViewController.xib */,
			);
			name = Goods;
			sourceTree = "<group>";
		};
		466C69BF164B97A5003ECB2F /* Class */ = {
			isa = PBXGroup;
			children = (
				46871A5D166EE1CB00C91CE8 /* ZBarSDK */,
				469142F11665E2B900093ACC /* SBJson */,
				46CC0C6B1651D2D900210CFE /* MKNetworkKit */,
				466C69C0164B97D0003ECB2F /* YMUIButton.h */,
				466C69C1164B97D0003ECB2F /* YMUIButton.m */,
				46CC0C9E1652214500210CFE /* YMGlobal.h */,
				46CC0C9F1652214500210CFE /* YMGlobal.m */,
				46300588165366BD0046C903 /* MBProgressHUD.h */,
				46300589165366BD0046C903 /* MBProgressHUD.m */,
				4697E413166C38D7006BEF17 /* PullToRefreshTableView.h */,
				4697E414166C38D7006BEF17 /* PullToRefreshTableView.m */,
			);
			name = Class;
			sourceTree = "<group>";
		};
		46871A5D166EE1CB00C91CE8 /* ZBarSDK */ = {
			isa = PBXGroup;
			children = (
				46871A5E166EE1CB00C91CE8 /* Headers */,
				46871A75166EE1CB00C91CE8 /* libzbar.a */,
				46871A76166EE1CB00C91CE8 /* Resources */,
			);
			path = ZBarSDK;
			sourceTree = "<group>";
		};
		46871A5E166EE1CB00C91CE8 /* Headers */ = {
			isa = PBXGroup;
			children = (
				46871A5F166EE1CB00C91CE8 /* ZBarSDK */,
			);
			path = Headers;
			sourceTree = "<group>";
		};
		46871A5F166EE1CB00C91CE8 /* ZBarSDK */ = {
			isa = PBXGroup;
			children = (
				46871A60166EE1CB00C91CE8 /* zbar */,
				46871A6A166EE1CB00C91CE8 /* zbar.h */,
				46871A6B166EE1CB00C91CE8 /* ZBarCameraSimulator.h */,
				46871A6C166EE1CB00C91CE8 /* ZBarCaptureReader.h */,
				46871A6D166EE1CB00C91CE8 /* ZBarHelpController.h */,
				46871A6E166EE1CB00C91CE8 /* ZBarImage.h */,
				46871A6F166EE1CB00C91CE8 /* ZBarImageScanner.h */,
				46871A70166EE1CB00C91CE8 /* ZBarReaderController.h */,
				46871A71166EE1CB00C91CE8 /* ZBarReaderView.h */,
				46871A72166EE1CB00C91CE8 /* ZBarReaderViewController.h */,
				46871A73166EE1CB00C91CE8 /* ZBarSDK.h */,
				46871A74166EE1CB00C91CE8 /* ZBarSymbol.h */,
			);
			path = ZBarSDK;
			sourceTree = "<group>";
		};
		46871A60166EE1CB00C91CE8 /* zbar */ = {
			isa = PBXGroup;
			children = (
				46871A61166EE1CB00C91CE8 /* Decoder.h */,
				46871A62166EE1CB00C91CE8 /* Exception.h */,
				46871A63166EE1CB00C91CE8 /* Image.h */,
				46871A64166EE1CB00C91CE8 /* ImageScanner.h */,
				46871A65166EE1CB00C91CE8 /* Processor.h */,
				46871A66166EE1CB00C91CE8 /* Scanner.h */,
				46871A67166EE1CB00C91CE8 /* Symbol.h */,
				46871A68166EE1CB00C91CE8 /* Video.h */,
				46871A69166EE1CB00C91CE8 /* Window.h */,
			);
			path = zbar;
			sourceTree = "<group>";
		};
		46871A76166EE1CB00C91CE8 /* Resources */ = {
			isa = PBXGroup;
			children = (
				46871A77166EE1CB00C91CE8 /* zbar-back.png */,
				46871A78166EE1CB00C91CE8 /* zbar-help.html */,
				46871A79166EE1CB00C91CE8 /* zbar-helpicons.png */,
				46871A7A166EE1CB00C91CE8 /* zbar-samples.png */,
			);
			path = Resources;
			sourceTree = "<group>";
		};
		469142F11665E2B900093ACC /* SBJson */ = {
			isa = PBXGroup;
			children = (
				469142F21665E2B900093ACC /* NSObject+SBJson.h */,
				469142F31665E2B900093ACC /* NSObject+SBJson.m */,
				469142F41665E2B900093ACC /* SBJson.h */,
				469142F51665E2B900093ACC /* SBJsonParser.h */,
				469142F61665E2B900093ACC /* SBJsonParser.m */,
				469142F71665E2B900093ACC /* SBJsonStreamParser.h */,
				469142F81665E2B900093ACC /* SBJsonStreamParser.m */,
				469142F91665E2B900093ACC /* SBJsonStreamParserAccumulator.h */,
				469142FA1665E2B900093ACC /* SBJsonStreamParserAccumulator.m */,
				469142FB1665E2B900093ACC /* SBJsonStreamParserAdapter.h */,
				469142FC1665E2B900093ACC /* SBJsonStreamParserAdapter.m */,
				469142FD1665E2B900093ACC /* SBJsonStreamParserState.h */,
				469142FE1665E2B900093ACC /* SBJsonStreamParserState.m */,
				469142FF1665E2B900093ACC /* SBJsonStreamWriter.h */,
				469143001665E2B900093ACC /* SBJsonStreamWriter.m */,
				469143011665E2B900093ACC /* SBJsonStreamWriterAccumulator.h */,
				469143021665E2B900093ACC /* SBJsonStreamWriterAccumulator.m */,
				469143031665E2B900093ACC /* SBJsonStreamWriterState.h */,
				469143041665E2B900093ACC /* SBJsonStreamWriterState.m */,
				469143051665E2B900093ACC /* SBJsonTokeniser.h */,
				469143061665E2B900093ACC /* SBJsonTokeniser.m */,
				469143071665E2B900093ACC /* SBJsonUTF8Stream.h */,
				469143081665E2B900093ACC /* SBJsonUTF8Stream.m */,
				469143091665E2B900093ACC /* SBJsonWriter.h */,
				4691430A1665E2B900093ACC /* SBJsonWriter.m */,
			);
			path = SBJson;
			sourceTree = "<group>";
		};
		46CC0C6B1651D2D900210CFE /* MKNetworkKit */ = {
			isa = PBXGroup;
			children = (
				46CC0C6C1651D2D900210CFE /* Categories */,
				46CC0C791651D2D900210CFE /* MKNetworkEngine.h */,
				46CC0C7A1651D2D900210CFE /* MKNetworkEngine.m */,
				46CC0C7B1651D2D900210CFE /* MKNetworkKit.h */,
				46CC0C7C1651D2D900210CFE /* MKNetworkOperation.h */,
				46CC0C7D1651D2D900210CFE /* MKNetworkOperation.m */,
				46CC0C7E1651D2D900210CFE /* Reachability */,
			);
			path = MKNetworkKit;
			sourceTree = "<group>";
		};
		46CC0C6C1651D2D900210CFE /* Categories */ = {
			isa = PBXGroup;
			children = (
				46CC0C6E1651D2D900210CFE /* NSAlert+MKNetworkKitAdditions.m */,
				46CC0C6F1651D2D900210CFE /* NSData+Base64.h */,
				46CC0C701651D2D900210CFE /* NSData+Base64.m */,
				46CC0C711651D2D900210CFE /* NSDate+RFC1123.h */,
				46CC0C721651D2D900210CFE /* NSDate+RFC1123.m */,
				46CC0C731651D2D900210CFE /* NSDictionary+RequestEncoding.h */,
				46CC0C741651D2D900210CFE /* NSDictionary+RequestEncoding.m */,
				46CC0C751651D2D900210CFE /* NSString+MKNetworkKitAdditions.h */,
				46CC0C761651D2D900210CFE /* NSString+MKNetworkKitAdditions.m */,
				46CC0C771651D2D900210CFE /* UIAlertView+MKNetworkKitAdditions.h */,
				46CC0C781651D2D900210CFE /* UIAlertView+MKNetworkKitAdditions.m */,
			);
			path = Categories;
			sourceTree = "<group>";
		};
		46CC0C7E1651D2D900210CFE /* Reachability */ = {
			isa = PBXGroup;
			children = (
				46CC0C7F1651D2D900210CFE /* Reachability.h */,
				46CC0C801651D2D900210CFE /* Reachability.m */,
			);
			path = Reachability;
			sourceTree = "<group>";
		};
		46CC0C911651D49000210CFE /* Model */ = {
			isa = PBXGroup;
			children = (
				46CC0C931651ECC600210CFE /* AdModel.h */,
				46CC0C941651ECC600210CFE /* AdModel.m */,
				AAC8015E1665BF8400F5D655 /* CategoryModel.h */,
				46BD1878166740C2007E72EB /* GoodsModel.h */,
				AAC8015F1665BF8400F5D655 /* CategoryModel.m */,
				46BD1879166740C2007E72EB /* GoodsModel.m */,
			);
			name = Model;
			sourceTree = "<group>";
		};
		46FDFFDC167835EB0075A644 /* MyCenter */ = {
			isa = PBXGroup;
			children = (
				466C69A8164B949E003ECB2F /* MyViewController.h */,
				466C69A9164B949E003ECB2F /* MyViewController.m */,
				466C69AA164B949E003ECB2F /* MyViewController.xib */,
				46FDFFDE167836320075A644 /* LoginViewController.h */,
				46FDFFDF167836320075A644 /* LoginViewController.m */,
				46FDFFE0167836320075A644 /* LoginViewController.xib */,
				46FDFFE31678368E0075A644 /* RegisterViewController.h */,
				46FDFFE41678368E0075A644 /* RegisterViewController.m */,
				46FDFFE51678368E0075A644 /* RegisterViewController.xib */,
			);
			name = MyCenter;
			sourceTree = "<group>";
		};
		AAD7542A1666EE0D0059962D /* CustomCell */ = {
			isa = PBXGroup;
			children = (
				AAD7542C1666EEAE0059962D /* CategoryCell.h */,
				AAD7542D1666EEAE0059962D /* CategoryCell.m */,
				AAD7542F1666EEED0059962D /* CategoryCell.xib */,
				46BD188A166880AB007E72EB /* GoodsCell.h */,
				46BD188B166880AB007E72EB /* GoodsCell.m */,
				46BD188C166880AB007E72EB /* GoodsCell.xib */,
			);
			name = CustomCell;
			sourceTree = "<group>";
		};
/* End PBXGroup section */

/* Begin PBXNativeTarget section */
		4635DF7C1643A39000C7B445 /* yunmei.967067 */ = {
			isa = PBXNativeTarget;
			buildConfigurationList = 4635DFC41643A39100C7B445 /* Build configuration list for PBXNativeTarget "yunmei.967067" */;
			buildPhases = (
				4635DF791643A39000C7B445 /* Sources */,
				4635DF7A1643A39000C7B445 /* Frameworks */,
				4635DF7B1643A39000C7B445 /* Resources */,
			);
			buildRules = (
			);
			dependencies = (
			);
			name = yunmei.967067;
			productName = yunmei.967067;
			productReference = 4635DF7D1643A39000C7B445 /* yunmei.967067.app */;
			productType = "com.apple.product-type.application";
		};
		4635DFB11643A39100C7B445 /* yunmei.967067Tests */ = {
			isa = PBXNativeTarget;
			buildConfigurationList = 4635DFC71643A39100C7B445 /* Build configuration list for PBXNativeTarget "yunmei.967067Tests" */;
			buildPhases = (
				4635DFAD1643A39100C7B445 /* Sources */,
				4635DFAE1643A39100C7B445 /* Frameworks */,
				4635DFAF1643A39100C7B445 /* Resources */,
				4635DFB01643A39100C7B445 /* ShellScript */,
			);
			buildRules = (
			);
			dependencies = (
				4635DFB81643A39100C7B445 /* PBXTargetDependency */,
			);
			name = yunmei.967067Tests;
			productName = yunmei.967067Tests;
			productReference = 4635DFB21643A39100C7B445 /* yunmei.967067Tests.octest */;
			productType = "com.apple.product-type.bundle";
		};
/* End PBXNativeTarget section */

/* Begin PBXProject section */
		4635DF741643A39000C7B445 /* Project object */ = {
			isa = PBXProject;
			attributes = {
				LastUpgradeCheck = 0450;
				ORGANIZATIONNAME = "bevin chen";
			};
			buildConfigurationList = 4635DF771643A39000C7B445 /* Build configuration list for PBXProject "yunmei.967067" */;
			compatibilityVersion = "Xcode 3.2";
			developmentRegion = English;
			hasScannedForEncodings = 0;
			knownRegions = (
				en,
			);
			mainGroup = 4635DF721643A39000C7B445;
			productRefGroup = 4635DF7E1643A39000C7B445 /* Products */;
			projectDirPath = "";
			projectRoot = "";
			targets = (
				4635DF7C1643A39000C7B445 /* yunmei.967067 */,
				4635DFB11643A39100C7B445 /* yunmei.967067Tests */,
			);
		};
/* End PBXProject section */

/* Begin PBXResourcesBuildPhase section */
		4635DF7B1643A39000C7B445 /* Resources */ = {
			isa = PBXResourcesBuildPhase;
			buildActionMask = 2147483647;
			files = (
				4635DF8C1643A39000C7B445 /* InfoPlist.strings in Resources */,
				4635DF941643A39000C7B445 /* Default.png in Resources */,
				4635DF961643A39000C7B445 /* Default@2x.png in Resources */,
				4635DF981643A39000C7B445 /* Default-568h@2x.png in Resources */,
				4635DFD31643B7C100C7B445 /* IndexViewController.xib in Resources */,
				4635DFD81643B85800C7B445 /* CategoryViewController.xib in Resources */,
				466C69A2164B947E003ECB2F /* navigation_bar_bg.png in Resources */,
				466C69A3164B947E003ECB2F /* navigation_bar_bg@2x.png in Resources */,
				464E0658164BC4CF0090162A /* GoodsListViewController.xib in Resources */,
				46E865A0164CB22700F620DB /* tab_bar_bg.png in Resources */,
				4630057716533ED00046C903 /* Icon-72.png in Resources */,
				4630057816533ED00046C903 /* Icon-Small-50.png in Resources */,
				4630057916533ED00046C903 /* Icon-Small.png in Resources */,
				4630057A16533ED00046C903 /* Icon-Small@2x.png in Resources */,
				4630057B16533ED00046C903 /* Icon.png in Resources */,
				4630057C16533ED00046C903 /* Icon@2x.png in Resources */,
				4630057D16533ED00046C903 /* iTunesArtwork.png in Resources */,
				46E342631659E18A000255C6 /* goods_default.png in Resources */,
				46E342641659E18A000255C6 /* ad_default.png in Resources */,
				4617C6B51663157800D0E014 /* search_bg.png in Resources */,
				46A68D3D1663516500083F79 /* search_btn.png in Resources */,
				46A68D3E1663516500083F79 /* tdc_btn.png in Resources */,
				AAC8016A1665F90000F5D655 /* MoreViewController.xib in Resources */,
				AAC8016C1665F91700F5D655 /* MyViewController.xib in Resources */,
				AAC8016F166600EF00F5D655 /* CartViewController.xib in Resources */,
				AAD754301666EEED0059962D /* CategoryCell.xib in Resources */,
				46BD188E166880AB007E72EB /* GoodsCell.xib in Resources */,
				AA8DBAB11669ED53003291D2 /* CategorySecViewController.xib in Resources */,
				AABB45D9166C488800306A09 /* GoodsInfoViewController.xib in Resources */,
				46871A7C166EE1CB00C91CE8 /* zbar-back.png in Resources */,
				46871A7D166EE1CB00C91CE8 /* zbar-help.html in Resources */,
				46871A7E166EE1CB00C91CE8 /* zbar-helpicons.png in Resources */,
				46871A7F166EE1CB00C91CE8 /* zbar-samples.png in Resources */,
				46871A9B166F2E7A00C91CE8 /* GoodsSearchViewController.xib in Resources */,
				469EA3971671B9E50028CB57 /* tabbar_cart_unselected@2x.png in Resources */,
				469EA3981671B9E50028CB57 /* tabbar_cart@2x.png in Resources */,
				469EA3991671B9E50028CB57 /* tabbar_category_unselected@2x.png in Resources */,
				469EA39A1671B9E50028CB57 /* tabbar_category@2x.png in Resources */,
				469EA39B1671B9E50028CB57 /* tabbar_index_unselected@2x.png in Resources */,
				469EA39C1671B9E50028CB57 /* tabbar_index@2x.png in Resources */,
				469EA39D1671B9E50028CB57 /* tabbar_more_unselected@2x.png in Resources */,
				469EA39E1671B9E50028CB57 /* tabbar_more@2x.png in Resources */,
				469EA39F1671B9E50028CB57 /* tabbar_my_unselected@2x.png in Resources */,
				469EA3A01671B9E50028CB57 /* tabbar_my@2x.png in Resources */,
				469EA3AC1671BAF20028CB57 /* tabbar_cart_unselected.png in Resources */,
				469EA3AD1671BAF20028CB57 /* tabbar_cart.png in Resources */,
				469EA3AE1671BAF20028CB57 /* tabbar_category_unselected.png in Resources */,
				469EA3AF1671BAF20028CB57 /* tabbar_category.png in Resources */,
				469EA3B01671BAF20028CB57 /* tabbar_index_selected.png in Resources */,
				469EA3B11671BAF20028CB57 /* tabbar_index_unselected.png in Resources */,
				469EA3B21671BAF20028CB57 /* tabbar_index.png in Resources */,
				469EA3B31671BAF20028CB57 /* tabbar_more_unselected.png in Resources */,
				469EA3B41671BAF20028CB57 /* tabbar_more.png in Resources */,
				469EA3B51671BAF20028CB57 /* tabbar_my_unselected.png in Resources */,
				469EA3B61671BAF20028CB57 /* tabbar_my.png in Resources */,
				AABB243516780C7300008F6B /* moveRight.png in Resources */,
				AABB243816780C7B00008F6B /* moveLeft.png in Resources */,
				AABB243A16780C8600008F6B /* plusBtn.png in Resources */,
				AABB243C16780C9300008F6B /* minusBtn.png in Resources */,
				46FDFFE2167836320075A644 /* LoginViewController.xib in Resources */,
				46FDFFE71678368E0075A644 /* RegisterViewController.xib in Resources */,
			);
			runOnlyForDeploymentPostprocessing = 0;
		};
		4635DFAF1643A39100C7B445 /* Resources */ = {
			isa = PBXResourcesBuildPhase;
			buildActionMask = 2147483647;
			files = (
				4635DFBE1643A39100C7B445 /* InfoPlist.strings in Resources */,
			);
			runOnlyForDeploymentPostprocessing = 0;
		};
/* End PBXResourcesBuildPhase section */

/* Begin PBXShellScriptBuildPhase section */
		4635DFB01643A39100C7B445 /* ShellScript */ = {
			isa = PBXShellScriptBuildPhase;
			buildActionMask = 2147483647;
			files = (
			);
			inputPaths = (
			);
			outputPaths = (
			);
			runOnlyForDeploymentPostprocessing = 0;
			shellPath = /bin/sh;
			shellScript = "# Run the unit tests in this test bundle.\n\"${SYSTEM_DEVELOPER_DIR}/Tools/RunUnitTests\"\n";
		};
/* End PBXShellScriptBuildPhase section */

/* Begin PBXSourcesBuildPhase section */
		4635DF791643A39000C7B445 /* Sources */ = {
			isa = PBXSourcesBuildPhase;
			buildActionMask = 2147483647;
			files = (
				4635DF8E1643A39000C7B445 /* main.m in Sources */,
				4635DF921643A39000C7B445 /* AppDelegate.m in Sources */,
				4635DFD21643B7C100C7B445 /* IndexViewController.m in Sources */,
				4635DFD71643B85800C7B445 /* CategoryViewController.m in Sources */,
				466C69BC164B954B003ECB2F /* MyViewController.m in Sources */,
				466C69BD164B954F003ECB2F /* MoreViewController.m in Sources */,
				466C69BE164B955A003ECB2F /* CartViewController.m in Sources */,
				466C69C2164B97D0003ECB2F /* YMUIButton.m in Sources */,
				464E0657164BC4CF0090162A /* GoodsListViewController.m in Sources */,
				46CC0C811651D2D900210CFE /* NSAlert+MKNetworkKitAdditions.m in Sources */,
				46CC0C821651D2D900210CFE /* NSData+Base64.m in Sources */,
				46CC0C831651D2D900210CFE /* NSDate+RFC1123.m in Sources */,
				46CC0C841651D2D900210CFE /* NSDictionary+RequestEncoding.m in Sources */,
				46CC0C851651D2D900210CFE /* NSString+MKNetworkKitAdditions.m in Sources */,
				46CC0C861651D2D900210CFE /* UIAlertView+MKNetworkKitAdditions.m in Sources */,
				46CC0C871651D2D900210CFE /* MKNetworkEngine.m in Sources */,
				46CC0C881651D2D900210CFE /* MKNetworkOperation.m in Sources */,
				46CC0C891651D2D900210CFE /* Reachability.m in Sources */,
				46CC0C951651ECC600210CFE /* AdModel.m in Sources */,
				46CC0CA01652214500210CFE /* YMGlobal.m in Sources */,
				4630058A165366BE0046C903 /* MBProgressHUD.m in Sources */,
				4691430B1665E2B900093ACC /* NSObject+SBJson.m in Sources */,
				4691430C1665E2B900093ACC /* SBJsonParser.m in Sources */,
				4691430D1665E2B900093ACC /* SBJsonStreamParser.m in Sources */,
				4691430E1665E2B900093ACC /* SBJsonStreamParserAccumulator.m in Sources */,
				4691430F1665E2B900093ACC /* SBJsonStreamParserAdapter.m in Sources */,
				469143101665E2B900093ACC /* SBJsonStreamParserState.m in Sources */,
				469143111665E2B900093ACC /* SBJsonStreamWriter.m in Sources */,
				469143121665E2B900093ACC /* SBJsonStreamWriterAccumulator.m in Sources */,
				469143131665E2B900093ACC /* SBJsonStreamWriterState.m in Sources */,
				469143141665E2B900093ACC /* SBJsonTokeniser.m in Sources */,
				469143151665E2B900093ACC /* SBJsonUTF8Stream.m in Sources */,
				469143161665E2B900093ACC /* SBJsonWriter.m in Sources */,
				AAC801601665BF8400F5D655 /* CategoryModel.m in Sources */,
				AAD7542E1666EEAE0059962D /* CategoryCell.m in Sources */,
				46BD187A166740C2007E72EB /* GoodsModel.m in Sources */,
				46BD188D166880AB007E72EB /* GoodsCell.m in Sources */,
				AA8DBAB01669ED53003291D2 /* CategorySecViewController.m in Sources */,
				AABB45D8166C488800306A09 /* GoodsInfoViewController.m in Sources */,
				4697E415166C38D7006BEF17 /* PullToRefreshTableView.m in Sources */,
				46871A9A166F2E7A00C91CE8 /* GoodsSearchViewController.m in Sources */,
				46FDFFE1167836320075A644 /* LoginViewController.m in Sources */,
				46FDFFE61678368E0075A644 /* RegisterViewController.m in Sources */,
			);
			runOnlyForDeploymentPostprocessing = 0;
		};
		4635DFAD1643A39100C7B445 /* Sources */ = {
			isa = PBXSourcesBuildPhase;
			buildActionMask = 2147483647;
			files = (
				4635DFC11643A39100C7B445 /* yunmei_967067Tests.m in Sources */,
			);
			runOnlyForDeploymentPostprocessing = 0;
		};
/* End PBXSourcesBuildPhase section */

/* Begin PBXTargetDependency section */
		4635DFB81643A39100C7B445 /* PBXTargetDependency */ = {
			isa = PBXTargetDependency;
			target = 4635DF7C1643A39000C7B445 /* yunmei.967067 */;
			targetProxy = 4635DFB71643A39100C7B445 /* PBXContainerItemProxy */;
		};
/* End PBXTargetDependency section */

/* Begin PBXVariantGroup section */
		4635DF8A1643A39000C7B445 /* InfoPlist.strings */ = {
			isa = PBXVariantGroup;
			children = (
				4635DF8B1643A39000C7B445 /* en */,
			);
			name = InfoPlist.strings;
			sourceTree = "<group>";
		};
		4635DFBC1643A39100C7B445 /* InfoPlist.strings */ = {
			isa = PBXVariantGroup;
			children = (
				4635DFBD1643A39100C7B445 /* en */,
			);
			name = InfoPlist.strings;
			sourceTree = "<group>";
		};
/* End PBXVariantGroup section */

/* Begin XCBuildConfiguration section */
		4635DFC21643A39100C7B445 /* Debug */ = {
			isa = XCBuildConfiguration;
			buildSettings = {
				ALWAYS_SEARCH_USER_PATHS = NO;
				CLANG_CXX_LANGUAGE_STANDARD = "gnu++0x";
				CLANG_CXX_LIBRARY = "libc++";
				CLANG_ENABLE_OBJC_ARC = YES;
				CLANG_WARN_EMPTY_BODY = YES;
				CLANG_WARN__DUPLICATE_METHOD_MATCH = YES;
				CODE_SIGN_IDENTITY = "iPhone Developer: XianHe Chen (6FXCE4M43E)";
				"CODE_SIGN_IDENTITY[sdk=iphoneos*]" = "iPhone Developer";
				COPY_PHASE_STRIP = NO;
				GCC_C_LANGUAGE_STANDARD = gnu99;
				GCC_DYNAMIC_NO_PIC = NO;
				GCC_OPTIMIZATION_LEVEL = 0;
				GCC_PREPROCESSOR_DEFINITIONS = (
					"DEBUG=1",
					"$(inherited)",
				);
				GCC_SYMBOLS_PRIVATE_EXTERN = NO;
				GCC_WARN_ABOUT_RETURN_TYPE = YES;
				GCC_WARN_UNINITIALIZED_AUTOS = YES;
				GCC_WARN_UNUSED_VARIABLE = YES;
				IPHONEOS_DEPLOYMENT_TARGET = 4.3;
				PROVISIONING_PROFILE = "24BA5592-D30E-416C-B5DC-6D71A5CCCF49";
				SDKROOT = iphoneos;
			};
			name = Debug;
		};
		4635DFC31643A39100C7B445 /* Release */ = {
			isa = XCBuildConfiguration;
			buildSettings = {
				ALWAYS_SEARCH_USER_PATHS = NO;
				CLANG_CXX_LANGUAGE_STANDARD = "gnu++0x";
				CLANG_CXX_LIBRARY = "libc++";
				CLANG_ENABLE_OBJC_ARC = YES;
				CLANG_WARN_EMPTY_BODY = YES;
				CLANG_WARN__DUPLICATE_METHOD_MATCH = YES;
				CODE_SIGN_IDENTITY = "iPhone Developer: XianHe Chen (6FXCE4M43E)";
				"CODE_SIGN_IDENTITY[sdk=iphoneos*]" = "iPhone Developer";
				COPY_PHASE_STRIP = YES;
				GCC_C_LANGUAGE_STANDARD = gnu99;
				GCC_WARN_ABOUT_RETURN_TYPE = YES;
				GCC_WARN_UNINITIALIZED_AUTOS = YES;
				GCC_WARN_UNUSED_VARIABLE = YES;
				IPHONEOS_DEPLOYMENT_TARGET = 4.3;
				OTHER_CFLAGS = "-DNS_BLOCK_ASSERTIONS=1";
				PROVISIONING_PROFILE = "24BA5592-D30E-416C-B5DC-6D71A5CCCF49";
				SDKROOT = iphoneos;
				VALIDATE_PRODUCT = YES;
			};
			name = Release;
		};
		4635DFC51643A39100C7B445 /* Debug */ = {
			isa = XCBuildConfiguration;
			buildSettings = {
				GCC_PRECOMPILE_PREFIX_HEADER = YES;
				GCC_PREFIX_HEADER = "yunmei.967067/yunmei.967067-Prefix.pch";
				INFOPLIST_FILE = "yunmei.967067/yunmei.967067-Info.plist";
				IPHONEOS_DEPLOYMENT_TARGET = 4.3;
				LIBRARY_SEARCH_PATHS = (
					"$(inherited)",
					"\"$(SRCROOT)/yunmei.967067/ZBarSDK\"",
				);
				PRODUCT_NAME = "$(TARGET_NAME)";
				VALID_ARCHS = armv7;
				WRAPPER_EXTENSION = app;
			};
			name = Debug;
		};
		4635DFC61643A39100C7B445 /* Release */ = {
			isa = XCBuildConfiguration;
			buildSettings = {
				GCC_PRECOMPILE_PREFIX_HEADER = YES;
				GCC_PREFIX_HEADER = "yunmei.967067/yunmei.967067-Prefix.pch";
				INFOPLIST_FILE = "yunmei.967067/yunmei.967067-Info.plist";
				IPHONEOS_DEPLOYMENT_TARGET = 4.3;
				LIBRARY_SEARCH_PATHS = (
					"$(inherited)",
					"\"$(SRCROOT)/yunmei.967067/ZBarSDK\"",
				);
				PRODUCT_NAME = "$(TARGET_NAME)";
				VALID_ARCHS = armv7;
				WRAPPER_EXTENSION = app;
			};
			name = Release;
		};
		4635DFC81643A39100C7B445 /* Debug */ = {
			isa = XCBuildConfiguration;
			buildSettings = {
				BUNDLE_LOADER = "$(BUILT_PRODUCTS_DIR)/yunmei.967067.app/yunmei.967067";
				FRAMEWORK_SEARCH_PATHS = (
					"\"$(SDKROOT)/Developer/Library/Frameworks\"",
					"\"$(DEVELOPER_LIBRARY_DIR)/Frameworks\"",
				);
				GCC_PRECOMPILE_PREFIX_HEADER = YES;
				GCC_PREFIX_HEADER = "yunmei.967067/yunmei.967067-Prefix.pch";
				INFOPLIST_FILE = "yunmei.967067Tests/yunmei.967067Tests-Info.plist";
				PRODUCT_NAME = "$(TARGET_NAME)";
				TEST_HOST = "$(BUNDLE_LOADER)";
				WRAPPER_EXTENSION = octest;
			};
			name = Debug;
		};
		4635DFC91643A39100C7B445 /* Release */ = {
			isa = XCBuildConfiguration;
			buildSettings = {
				BUNDLE_LOADER = "$(BUILT_PRODUCTS_DIR)/yunmei.967067.app/yunmei.967067";
				FRAMEWORK_SEARCH_PATHS = (
					"\"$(SDKROOT)/Developer/Library/Frameworks\"",
					"\"$(DEVELOPER_LIBRARY_DIR)/Frameworks\"",
				);
				GCC_PRECOMPILE_PREFIX_HEADER = YES;
				GCC_PREFIX_HEADER = "yunmei.967067/yunmei.967067-Prefix.pch";
				INFOPLIST_FILE = "yunmei.967067Tests/yunmei.967067Tests-Info.plist";
				PRODUCT_NAME = "$(TARGET_NAME)";
				TEST_HOST = "$(BUNDLE_LOADER)";
				WRAPPER_EXTENSION = octest;
			};
			name = Release;
		};
/* End XCBuildConfiguration section */

/* Begin XCConfigurationList section */
		4635DF771643A39000C7B445 /* Build configuration list for PBXProject "yunmei.967067" */ = {
			isa = XCConfigurationList;
			buildConfigurations = (
				4635DFC21643A39100C7B445 /* Debug */,
				4635DFC31643A39100C7B445 /* Release */,
			);
			defaultConfigurationIsVisible = 0;
			defaultConfigurationName = Release;
		};
		4635DFC41643A39100C7B445 /* Build configuration list for PBXNativeTarget "yunmei.967067" */ = {
			isa = XCConfigurationList;
			buildConfigurations = (
				4635DFC51643A39100C7B445 /* Debug */,
				4635DFC61643A39100C7B445 /* Release */,
			);
			defaultConfigurationIsVisible = 0;
			defaultConfigurationName = Release;
		};
		4635DFC71643A39100C7B445 /* Build configuration list for PBXNativeTarget "yunmei.967067Tests" */ = {
			isa = XCConfigurationList;
			buildConfigurations = (
				4635DFC81643A39100C7B445 /* Debug */,
				4635DFC91643A39100C7B445 /* Release */,
			);
			defaultConfigurationIsVisible = 0;
			defaultConfigurationName = Release;
		};
/* End XCConfigurationList section */
	};
	rootObject = 4635DF741643A39000C7B445 /* Project object */;
}
